// !$*UTF8*$!
{
	archiveVersion = 1;
	classes = {
	};
	objectVersion = 46;
	objects = {

/* Begin PBXBuildFile section */
		EB03436B1D32A44F00519C73 /* dsbuffer.c in Sources */ = {isa = PBXBuildFile; fileRef = EB03435B1D32A44F00519C73 /* dsbuffer.c */; };
		EB03436D1D32A44F00519C73 /* kiss_fft.c in Sources */ = {isa = PBXBuildFile; fileRef = EB0343601D32A44F00519C73 /* kiss_fft.c */; };
		EB03436E1D32A44F00519C73 /* kiss_fftr.c in Sources */ = {isa = PBXBuildFile; fileRef = EB0343621D32A44F00519C73 /* kiss_fftr.c */; };
		EB0343701D32A44F00519C73 /* vectord.c in Sources */ = {isa = PBXBuildFile; fileRef = EB0343651D32A44F00519C73 /* vectord.c */; };
		EB0343711D32A44F00519C73 /* vectorf.c in Sources */ = {isa = PBXBuildFile; fileRef = EB0343671D32A44F00519C73 /* vectorf.c */; };
		EB74E4EB1D31486900BE5760 /* Vector.swift in Sources */ = {isa = PBXBuildFile; fileRef = EB74E4EA1D31486900BE5760 /* Vector.swift */; };
		EB8AD3A21D2128C200F63323 /* AppDelegate.swift in Sources */ = {isa = PBXBuildFile; fileRef = EB8AD3A11D2128C200F63323 /* AppDelegate.swift */; };
		EB8AD3A41D2128C200F63323 /* ViewController.swift in Sources */ = {isa = PBXBuildFile; fileRef = EB8AD3A31D2128C200F63323 /* ViewController.swift */; };
		EB8AD3A71D2128C200F63323 /* Main.storyboard in Resources */ = {isa = PBXBuildFile; fileRef = EB8AD3A51D2128C200F63323 /* Main.storyboard */; };
		EB8AD3A91D2128C200F63323 /* Assets.xcassets in Resources */ = {isa = PBXBuildFile; fileRef = EB8AD3A81D2128C200F63323 /* Assets.xcassets */; };
		EB8AD3AC1D2128C200F63323 /* LaunchScreen.storyboard in Resources */ = {isa = PBXBuildFile; fileRef = EB8AD3AA1D2128C200F63323 /* LaunchScreen.storyboard */; };
		EB8AD3B91D2128D900F63323 /* Interface.storyboard in Resources */ = {isa = PBXBuildFile; fileRef = EB8AD3B71D2128D900F63323 /* Interface.storyboard */; };
		EB8AD3BB1D2128D900F63323 /* Assets.xcassets in Resources */ = {isa = PBXBuildFile; fileRef = EB8AD3BA1D2128D900F63323 /* Assets.xcassets */; };
		EB8AD3C21D2128D900F63323 /* Watch Extension.appex in Embed App Extensions */ = {isa = PBXBuildFile; fileRef = EB8AD3C11D2128D900F63323 /* Watch Extension.appex */; settings = {ATTRIBUTES = (RemoveHeadersOnCopy, ); }; };
		EB8AD3C71D2128D900F63323 /* InterfaceController.swift in Sources */ = {isa = PBXBuildFile; fileRef = EB8AD3C61D2128D900F63323 /* InterfaceController.swift */; };
		EB8AD3C91D2128D900F63323 /* ExtensionDelegate.swift in Sources */ = {isa = PBXBuildFile; fileRef = EB8AD3C81D2128D900F63323 /* ExtensionDelegate.swift */; };
		EB8AD3CB1D2128D900F63323 /* Assets.xcassets in Resources */ = {isa = PBXBuildFile; fileRef = EB8AD3CA1D2128D900F63323 /* Assets.xcassets */; };
		EB8AD3CF1D2128D900F63323 /* Watch.app in Embed Watch Content */ = {isa = PBXBuildFile; fileRef = EB8AD3B51D2128D900F63323 /* Watch.app */; };
		EB8AD3E71D2128EE00F63323 /* DSBuffer.swift in Sources */ = {isa = PBXBuildFile; fileRef = EB8AD3DA1D2128EE00F63323 /* DSBuffer.swift */; };
		EBB473E21D411B6F00D624CE /* DSBuffer.swift in Sources */ = {isa = PBXBuildFile; fileRef = EB8AD3DA1D2128EE00F63323 /* DSBuffer.swift */; };
		EBB473E31D411B7200D624CE /* Vector.swift in Sources */ = {isa = PBXBuildFile; fileRef = EB74E4EA1D31486900BE5760 /* Vector.swift */; };
		EBB473E41D411BCF00D624CE /* dsbuffer.c in Sources */ = {isa = PBXBuildFile; fileRef = EB03435B1D32A44F00519C73 /* dsbuffer.c */; };
		EBB473E51D411BCF00D624CE /* vectord.c in Sources */ = {isa = PBXBuildFile; fileRef = EB0343651D32A44F00519C73 /* vectord.c */; };
		EBB473E61D411BCF00D624CE /* vectorf.c in Sources */ = {isa = PBXBuildFile; fileRef = EB0343671D32A44F00519C73 /* vectorf.c */; };
		EBB473E71D411BDD00D624CE /* kiss_fft.c in Sources */ = {isa = PBXBuildFile; fileRef = EB0343601D32A44F00519C73 /* kiss_fft.c */; };
		EBB473E81D411BDD00D624CE /* kiss_fftr.c in Sources */ = {isa = PBXBuildFile; fileRef = EB0343621D32A44F00519C73 /* kiss_fftr.c */; };
/* End PBXBuildFile section */

/* Begin PBXContainerItemProxy section */
		EB8AD3C31D2128D900F63323 /* PBXContainerItemProxy */ = {
			isa = PBXContainerItemProxy;
			containerPortal = EB8AD3961D2128C200F63323 /* Project object */;
			proxyType = 1;
			remoteGlobalIDString = EB8AD3C01D2128D900F63323;
			remoteInfo = "Watch Extension";
		};
		EB8AD3CD1D2128D900F63323 /* PBXContainerItemProxy */ = {
			isa = PBXContainerItemProxy;
			containerPortal = EB8AD3961D2128C200F63323 /* Project object */;
			proxyType = 1;
			remoteGlobalIDString = EB8AD3B41D2128D900F63323;
			remoteInfo = Watch;
		};
/* End PBXContainerItemProxy section */

/* Begin PBXCopyFilesBuildPhase section */
		EB8AD3D31D2128D900F63323 /* Embed App Extensions */ = {
			isa = PBXCopyFilesBuildPhase;
			buildActionMask = 2147483647;
			dstPath = "";
			dstSubfolderSpec = 13;
			files = (
				EB8AD3C21D2128D900F63323 /* Watch Extension.appex in Embed App Extensions */,
			);
			name = "Embed App Extensions";
			runOnlyForDeploymentPostprocessing = 0;
		};
		EB8AD3D71D2128D900F63323 /* Embed Watch Content */ = {
			isa = PBXCopyFilesBuildPhase;
			buildActionMask = 2147483647;
			dstPath = "$(CONTENTS_FOLDER_PATH)/Watch";
			dstSubfolderSpec = 16;
			files = (
				EB8AD3CF1D2128D900F63323 /* Watch.app in Embed Watch Content */,
			);
			name = "Embed Watch Content";
			runOnlyForDeploymentPostprocessing = 0;
		};
/* End PBXCopyFilesBuildPhase section */

/* Begin PBXFileReference section */
		EB0343591D32A44F00519C73 /* acceleratelib.h */ = {isa = PBXFileReference; fileEncoding = 4; lastKnownFileType = sourcecode.c.h; path = acceleratelib.h; sourceTree = "<group>"; };
		EB03435B1D32A44F00519C73 /* dsbuffer.c */ = {isa = PBXFileReference; fileEncoding = 4; lastKnownFileType = sourcecode.c.c; path = dsbuffer.c; sourceTree = "<group>"; };
		EB03435C1D32A44F00519C73 /* dsbuffer.h */ = {isa = PBXFileReference; fileEncoding = 4; lastKnownFileType = sourcecode.c.h; path = dsbuffer.h; sourceTree = "<group>"; };
		EB03435F1D32A44F00519C73 /* _kiss_fft_guts.h */ = {isa = PBXFileReference; fileEncoding = 4; lastKnownFileType = sourcecode.c.h; path = _kiss_fft_guts.h; sourceTree = "<group>"; };
		EB0343601D32A44F00519C73 /* kiss_fft.c */ = {isa = PBXFileReference; fileEncoding = 4; lastKnownFileType = sourcecode.c.c; path = kiss_fft.c; sourceTree = "<group>"; };
		EB0343611D32A44F00519C73 /* kiss_fft.h */ = {isa = PBXFileReference; fileEncoding = 4; lastKnownFileType = sourcecode.c.h; path = kiss_fft.h; sourceTree = "<group>"; };
		EB0343621D32A44F00519C73 /* kiss_fftr.c */ = {isa = PBXFileReference; fileEncoding = 4; lastKnownFileType = sourcecode.c.c; path = kiss_fftr.c; sourceTree = "<group>"; };
		EB0343631D32A44F00519C73 /* kiss_fftr.h */ = {isa = PBXFileReference; fileEncoding = 4; lastKnownFileType = sourcecode.c.h; path = kiss_fftr.h; sourceTree = "<group>"; };
		EB0343651D32A44F00519C73 /* vectord.c */ = {isa = PBXFileReference; fileEncoding = 4; lastKnownFileType = sourcecode.c.c; path = vectord.c; sourceTree = "<group>"; };
		EB0343661D32A44F00519C73 /* vectord.h */ = {isa = PBXFileReference; fileEncoding = 4; lastKnownFileType = sourcecode.c.h; path = vectord.h; sourceTree = "<group>"; };
		EB0343671D32A44F00519C73 /* vectorf.c */ = {isa = PBXFileReference; fileEncoding = 4; lastKnownFileType = sourcecode.c.c; path = vectorf.c; sourceTree = "<group>"; };
		EB0343681D32A44F00519C73 /* vectorf.h */ = {isa = PBXFileReference; fileEncoding = 4; lastKnownFileType = sourcecode.c.h; path = vectorf.h; sourceTree = "<group>"; };
		EB74E4EA1D31486900BE5760 /* Vector.swift */ = {isa = PBXFileReference; fileEncoding = 4; lastKnownFileType = sourcecode.swift; path = Vector.swift; sourceTree = "<group>"; };
		EB8AD39E1D2128C200F63323 /* AccelerateWatchDemoApp.app */ = {isa = PBXFileReference; explicitFileType = wrapper.application; includeInIndex = 0; path = AccelerateWatchDemoApp.app; sourceTree = BUILT_PRODUCTS_DIR; };
		EB8AD3A11D2128C200F63323 /* AppDelegate.swift */ = {isa = PBXFileReference; lastKnownFileType = sourcecode.swift; path = AppDelegate.swift; sourceTree = "<group>"; };
		EB8AD3A31D2128C200F63323 /* ViewController.swift */ = {isa = PBXFileReference; lastKnownFileType = sourcecode.swift; path = ViewController.swift; sourceTree = "<group>"; };
		EB8AD3A61D2128C200F63323 /* Base */ = {isa = PBXFileReference; lastKnownFileType = file.storyboard; name = Base; path = Base.lproj/Main.storyboard; sourceTree = "<group>"; };
		EB8AD3A81D2128C200F63323 /* Assets.xcassets */ = {isa = PBXFileReference; lastKnownFileType = folder.assetcatalog; path = Assets.xcassets; sourceTree = "<group>"; };
		EB8AD3AB1D2128C200F63323 /* Base */ = {isa = PBXFileReference; lastKnownFileType = file.storyboard; name = Base; path = Base.lproj/LaunchScreen.storyboard; sourceTree = "<group>"; };
		EB8AD3AD1D2128C200F63323 /* Info.plist */ = {isa = PBXFileReference; lastKnownFileType = text.plist.xml; path = Info.plist; sourceTree = "<group>"; };
		EB8AD3B51D2128D900F63323 /* Watch.app */ = {isa = PBXFileReference; explicitFileType = wrapper.application; includeInIndex = 0; path = Watch.app; sourceTree = BUILT_PRODUCTS_DIR; };
		EB8AD3B81D2128D900F63323 /* Base */ = {isa = PBXFileReference; lastKnownFileType = file.storyboard; name = Base; path = Base.lproj/Interface.storyboard; sourceTree = "<group>"; };
		EB8AD3BA1D2128D900F63323 /* Assets.xcassets */ = {isa = PBXFileReference; lastKnownFileType = folder.assetcatalog; path = Assets.xcassets; sourceTree = "<group>"; };
		EB8AD3BC1D2128D900F63323 /* Info.plist */ = {isa = PBXFileReference; lastKnownFileType = text.plist.xml; path = Info.plist; sourceTree = "<group>"; };
		EB8AD3C11D2128D900F63323 /* Watch Extension.appex */ = {isa = PBXFileReference; explicitFileType = "wrapper.app-extension"; includeInIndex = 0; path = "Watch Extension.appex"; sourceTree = BUILT_PRODUCTS_DIR; };
		EB8AD3C61D2128D900F63323 /* InterfaceController.swift */ = {isa = PBXFileReference; lastKnownFileType = sourcecode.swift; path = InterfaceController.swift; sourceTree = "<group>"; };
		EB8AD3C81D2128D900F63323 /* ExtensionDelegate.swift */ = {isa = PBXFileReference; lastKnownFileType = sourcecode.swift; path = ExtensionDelegate.swift; sourceTree = "<group>"; };
		EB8AD3CA1D2128D900F63323 /* Assets.xcassets */ = {isa = PBXFileReference; lastKnownFileType = folder.assetcatalog; path = Assets.xcassets; sourceTree = "<group>"; };
		EB8AD3CC1D2128D900F63323 /* Info.plist */ = {isa = PBXFileReference; lastKnownFileType = text.plist.xml; path = Info.plist; sourceTree = "<group>"; };
		EB8AD3DA1D2128EE00F63323 /* DSBuffer.swift */ = {isa = PBXFileReference; fileEncoding = 4; lastKnownFileType = sourcecode.swift; path = DSBuffer.swift; sourceTree = "<group>"; };
		EB8AD3EE1D21290500F63323 /* AccelerateWatchDemoApp-Briding-Header.h */ = {isa = PBXFileReference; lastKnownFileType = sourcecode.c.h; path = "AccelerateWatchDemoApp-Briding-Header.h"; sourceTree = "<group>"; };
/* End PBXFileReference section */

/* Begin PBXFrameworksBuildPhase section */
		EB8AD39B1D2128C200F63323 /* Frameworks */ = {
			isa = PBXFrameworksBuildPhase;
			buildActionMask = 2147483647;
			files = (
			);
			runOnlyForDeploymentPostprocessing = 0;
		};
		EB8AD3BE1D2128D900F63323 /* Frameworks */ = {
			isa = PBXFrameworksBuildPhase;
			buildActionMask = 2147483647;
			files = (
			);
			runOnlyForDeploymentPostprocessing = 0;
		};
/* End PBXFrameworksBuildPhase section */

/* Begin PBXGroup section */
		EB0343571D32A44F00519C73 /* acceleratelib */ = {
			isa = PBXGroup;
			children = (
				EB03435E1D32A44F00519C73 /* kissfft */,
				EB0343591D32A44F00519C73 /* acceleratelib.h */,
				EB03435B1D32A44F00519C73 /* dsbuffer.c */,
				EB03435C1D32A44F00519C73 /* dsbuffer.h */,
				EB0343651D32A44F00519C73 /* vectord.c */,
				EB0343661D32A44F00519C73 /* vectord.h */,
				EB0343671D32A44F00519C73 /* vectorf.c */,
				EB0343681D32A44F00519C73 /* vectorf.h */,
			);
			path = acceleratelib;
			sourceTree = "<group>";
		};
		EB03435E1D32A44F00519C73 /* kissfft */ = {
			isa = PBXGroup;
			children = (
				EB03435F1D32A44F00519C73 /* _kiss_fft_guts.h */,
				EB0343601D32A44F00519C73 /* kiss_fft.c */,
				EB0343611D32A44F00519C73 /* kiss_fft.h */,
				EB0343621D32A44F00519C73 /* kiss_fftr.c */,
				EB0343631D32A44F00519C73 /* kiss_fftr.h */,
			);
			path = kissfft;
			sourceTree = "<group>";
		};
		EB8AD3951D2128C200F63323 = {
			isa = PBXGroup;
			children = (
				EB8AD3EE1D21290500F63323 /* AccelerateWatchDemoApp-Briding-Header.h */,
				EB8AD3A01D2128C200F63323 /* AccelerateWatchDemoApp */,
				EB8AD3B61D2128D900F63323 /* Watch */,
				EB8AD3C51D2128D900F63323 /* Watch Extension */,
				EB8AD39F1D2128C200F63323 /* Products */,
			);
			sourceTree = "<group>";
		};
		EB8AD39F1D2128C200F63323 /* Products */ = {
			isa = PBXGroup;
			children = (
				EB8AD39E1D2128C200F63323 /* AccelerateWatchDemoApp.app */,
				EB8AD3B51D2128D900F63323 /* Watch.app */,
				EB8AD3C11D2128D900F63323 /* Watch Extension.appex */,
			);
			name = Products;
			sourceTree = "<group>";
		};
		EB8AD3A01D2128C200F63323 /* AccelerateWatchDemoApp */ = {
			isa = PBXGroup;
			children = (
				EB8AD3A11D2128C200F63323 /* AppDelegate.swift */,
				EB8AD3A31D2128C200F63323 /* ViewController.swift */,
				EB8AD3A51D2128C200F63323 /* Main.storyboard */,
				EB8AD3A81D2128C200F63323 /* Assets.xcassets */,
				EB8AD3AA1D2128C200F63323 /* LaunchScreen.storyboard */,
				EB8AD3AD1D2128C200F63323 /* Info.plist */,
			);
			path = AccelerateWatchDemoApp;
			sourceTree = "<group>";
		};
		EB8AD3B61D2128D900F63323 /* Watch */ = {
			isa = PBXGroup;
			children = (
				EB8AD3B71D2128D900F63323 /* Interface.storyboard */,
				EB8AD3BA1D2128D900F63323 /* Assets.xcassets */,
				EB8AD3BC1D2128D900F63323 /* Info.plist */,
			);
			path = Watch;
			sourceTree = "<group>";
		};
		EB8AD3C51D2128D900F63323 /* Watch Extension */ = {
			isa = PBXGroup;
			children = (
				EB8AD3D81D2128EE00F63323 /* AccelerateWatch */,
				EB8AD3C61D2128D900F63323 /* InterfaceController.swift */,
				EB8AD3C81D2128D900F63323 /* ExtensionDelegate.swift */,
				EB8AD3CA1D2128D900F63323 /* Assets.xcassets */,
				EB8AD3CC1D2128D900F63323 /* Info.plist */,
			);
			path = "Watch Extension";
			sourceTree = "<group>";
		};
		EB8AD3D81D2128EE00F63323 /* AccelerateWatch */ = {
			isa = PBXGroup;
			children = (
				EB0343571D32A44F00519C73 /* acceleratelib */,
				EB8AD3DA1D2128EE00F63323 /* DSBuffer.swift */,
				EB74E4EA1D31486900BE5760 /* Vector.swift */,
			);
			name = AccelerateWatch;
			path = ../../AccelerateWatch;
			sourceTree = "<group>";
		};
/* End PBXGroup section */

/* Begin PBXNativeTarget section */
		EB8AD39D1D2128C200F63323 /* AccelerateWatchDemoApp */ = {
			isa = PBXNativeTarget;
			buildConfigurationList = EB8AD3B01D2128C200F63323 /* Build configuration list for PBXNativeTarget "AccelerateWatchDemoApp" */;
			buildPhases = (
				EB8AD39A1D2128C200F63323 /* Sources */,
				EB8AD39B1D2128C200F63323 /* Frameworks */,
				EB8AD39C1D2128C200F63323 /* Resources */,
				EB8AD3D71D2128D900F63323 /* Embed Watch Content */,
			);
			buildRules = (
			);
			dependencies = (
				EB8AD3CE1D2128D900F63323 /* PBXTargetDependency */,
			);
			name = AccelerateWatchDemoApp;
			productName = AccelerateWatchDemoApp;
			productReference = EB8AD39E1D2128C200F63323 /* AccelerateWatchDemoApp.app */;
			productType = "com.apple.product-type.application";
		};
		EB8AD3B41D2128D900F63323 /* Watch */ = {
			isa = PBXNativeTarget;
			buildConfigurationList = EB8AD3D41D2128D900F63323 /* Build configuration list for PBXNativeTarget "Watch" */;
			buildPhases = (
				EB8AD3B31D2128D900F63323 /* Resources */,
				EB8AD3D31D2128D900F63323 /* Embed App Extensions */,
			);
			buildRules = (
			);
			dependencies = (
				EB8AD3C41D2128D900F63323 /* PBXTargetDependency */,
			);
			name = Watch;
			productName = Watch;
			productReference = EB8AD3B51D2128D900F63323 /* Watch.app */;
			productType = "com.apple.product-type.application.watchapp2";
		};
		EB8AD3C01D2128D900F63323 /* Watch Extension */ = {
			isa = PBXNativeTarget;
			buildConfigurationList = EB8AD3D01D2128D900F63323 /* Build configuration list for PBXNativeTarget "Watch Extension" */;
			buildPhases = (
				EB8AD3BD1D2128D900F63323 /* Sources */,
				EB8AD3BE1D2128D900F63323 /* Frameworks */,
				EB8AD3BF1D2128D900F63323 /* Resources */,
			);
			buildRules = (
			);
			dependencies = (
			);
			name = "Watch Extension";
			productName = "Watch Extension";
			productReference = EB8AD3C11D2128D900F63323 /* Watch Extension.appex */;
			productType = "com.apple.product-type.watchkit2-extension";
		};
/* End PBXNativeTarget section */

/* Begin PBXProject section */
		EB8AD3961D2128C200F63323 /* Project object */ = {
			isa = PBXProject;
			attributes = {
				LastSwiftUpdateCheck = 0730;
				LastUpgradeCheck = 0830;
				ORGANIZATIONNAME = Herrkaefer;
				TargetAttributes = {
					EB8AD39D1D2128C200F63323 = {
						CreatedOnToolsVersion = 7.3.1;
						DevelopmentTeam = 6VM93P947X;
						DevelopmentTeamName = "Yang Liu";
						LastSwiftMigration = 0800;
					};
					EB8AD3B41D2128D900F63323 = {
						CreatedOnToolsVersion = 7.3.1;
						DevelopmentTeam = 6VM93P947X;
						DevelopmentTeamName = "Yang Liu";
						LastSwiftMigration = 0800;
					};
					EB8AD3C01D2128D900F63323 = {
						CreatedOnToolsVersion = 7.3.1;
						DevelopmentTeam = 6VM93P947X;
						DevelopmentTeamName = "Yang Liu";
						LastSwiftMigration = 0800;
					};
				};
			};
			buildConfigurationList = EB8AD3991D2128C200F63323 /* Build configuration list for PBXProject "AccelerateWatchDemoApp" */;
			compatibilityVersion = "Xcode 3.2";
			developmentRegion = English;
			hasScannedForEncodings = 0;
			knownRegions = (
				en,
				Base,
			);
			mainGroup = EB8AD3951D2128C200F63323;
			productRefGroup = EB8AD39F1D2128C200F63323 /* Products */;
			projectDirPath = "";
			projectRoot = "";
			targets = (
				EB8AD39D1D2128C200F63323 /* AccelerateWatchDemoApp */,
				EB8AD3B41D2128D900F63323 /* Watch */,
				EB8AD3C01D2128D900F63323 /* Watch Extension */,
			);
		};
/* End PBXProject section */

/* Begin PBXResourcesBuildPhase section */
		EB8AD39C1D2128C200F63323 /* Resources */ = {
			isa = PBXResourcesBuildPhase;
			buildActionMask = 2147483647;
			files = (
				EB8AD3AC1D2128C200F63323 /* LaunchScreen.storyboard in Resources */,
				EB8AD3A91D2128C200F63323 /* Assets.xcassets in Resources */,
				EB8AD3A71D2128C200F63323 /* Main.storyboard in Resources */,
			);
			runOnlyForDeploymentPostprocessing = 0;
		};
		EB8AD3B31D2128D900F63323 /* Resources */ = {
			isa = PBXResourcesBuildPhase;
			buildActionMask = 2147483647;
			files = (
				EB8AD3BB1D2128D900F63323 /* Assets.xcassets in Resources */,
				EB8AD3B91D2128D900F63323 /* Interface.storyboard in Resources */,
			);
			runOnlyForDeploymentPostprocessing = 0;
		};
		EB8AD3BF1D2128D900F63323 /* Resources */ = {
			isa = PBXResourcesBuildPhase;
			buildActionMask = 2147483647;
			files = (
				EB8AD3CB1D2128D900F63323 /* Assets.xcassets in Resources */,
			);
			runOnlyForDeploymentPostprocessing = 0;
		};
/* End PBXResourcesBuildPhase section */

/* Begin PBXSourcesBuildPhase section */
		EB8AD39A1D2128C200F63323 /* Sources */ = {
			isa = PBXSourcesBuildPhase;
			buildActionMask = 2147483647;
			files = (
				EB8AD3A41D2128C200F63323 /* ViewController.swift in Sources */,
				EBB473E51D411BCF00D624CE /* vectord.c in Sources */,
				EBB473E21D411B6F00D624CE /* DSBuffer.swift in Sources */,
				EBB473E61D411BCF00D624CE /* vectorf.c in Sources */,
				EBB473E71D411BDD00D624CE /* kiss_fft.c in Sources */,
				EBB473E31D411B7200D624CE /* Vector.swift in Sources */,
				EB8AD3A21D2128C200F63323 /* AppDelegate.swift in Sources */,
				EBB473E41D411BCF00D624CE /* dsbuffer.c in Sources */,
				EBB473E81D411BDD00D624CE /* kiss_fftr.c in Sources */,
			);
			runOnlyForDeploymentPostprocessing = 0;
		};
		EB8AD3BD1D2128D900F63323 /* Sources */ = {
			isa = PBXSourcesBuildPhase;
			buildActionMask = 2147483647;
			files = (
				EB74E4EB1D31486900BE5760 /* Vector.swift in Sources */,
				EB8AD3C91D2128D900F63323 /* ExtensionDelegate.swift in Sources */,
				EB03436D1D32A44F00519C73 /* kiss_fft.c in Sources */,
				EB8AD3E71D2128EE00F63323 /* DSBuffer.swift in Sources */,
				EB0343701D32A44F00519C73 /* vectord.c in Sources */,
				EB8AD3C71D2128D900F63323 /* InterfaceController.swift in Sources */,
				EB03436B1D32A44F00519C73 /* dsbuffer.c in Sources */,
				EB03436E1D32A44F00519C73 /* kiss_fftr.c in Sources */,
				EB0343711D32A44F00519C73 /* vectorf.c in Sources */,
			);
			runOnlyForDeploymentPostprocessing = 0;
		};
/* End PBXSourcesBuildPhase section */

/* Begin PBXTargetDependency section */
		EB8AD3C41D2128D900F63323 /* PBXTargetDependency */ = {
			isa = PBXTargetDependency;
			target = EB8AD3C01D2128D900F63323 /* Watch Extension */;
			targetProxy = EB8AD3C31D2128D900F63323 /* PBXContainerItemProxy */;
		};
		EB8AD3CE1D2128D900F63323 /* PBXTargetDependency */ = {
			isa = PBXTargetDependency;
			target = EB8AD3B41D2128D900F63323 /* Watch */;
			targetProxy = EB8AD3CD1D2128D900F63323 /* PBXContainerItemProxy */;
		};
/* End PBXTargetDependency section */

/* Begin PBXVariantGroup section */
		EB8AD3A51D2128C200F63323 /* Main.storyboard */ = {
			isa = PBXVariantGroup;
			children = (
				EB8AD3A61D2128C200F63323 /* Base */,
			);
			name = Main.storyboard;
			sourceTree = "<group>";
		};
		EB8AD3AA1D2128C200F63323 /* LaunchScreen.storyboard */ = {
			isa = PBXVariantGroup;
			children = (
				EB8AD3AB1D2128C200F63323 /* Base */,
			);
			name = LaunchScreen.storyboard;
			sourceTree = "<group>";
		};
		EB8AD3B71D2128D900F63323 /* Interface.storyboard */ = {
			isa = PBXVariantGroup;
			children = (
				EB8AD3B81D2128D900F63323 /* Base */,
			);
			name = Interface.storyboard;
			sourceTree = "<group>";
		};
/* End PBXVariantGroup section */

/* Begin XCBuildConfiguration section */
		EB8AD3AE1D2128C200F63323 /* Debug */ = {
			isa = XCBuildConfiguration;
			buildSettings = {
				ALWAYS_SEARCH_USER_PATHS = NO;
				CLANG_ANALYZER_NONNULL = YES;
				CLANG_CXX_LANGUAGE_STANDARD = "gnu++0x";
				CLANG_CXX_LIBRARY = "libc++";
				CLANG_ENABLE_MODULES = YES;
				CLANG_ENABLE_OBJC_ARC = YES;
				CLANG_WARN_BOOL_CONVERSION = YES;
				CLANG_WARN_CONSTANT_CONVERSION = YES;
				CLANG_WARN_DIRECT_OBJC_ISA_USAGE = YES_ERROR;
				CLANG_WARN_EMPTY_BODY = YES;
				CLANG_WARN_ENUM_CONVERSION = YES;
				CLANG_WARN_INFINITE_RECURSION = YES;
				CLANG_WARN_INT_CONVERSION = YES;
				CLANG_WARN_OBJC_ROOT_CLASS = YES_ERROR;
				CLANG_WARN_SUSPICIOUS_MOVE = YES;
				CLANG_WARN_UNREACHABLE_CODE = YES;
				CLANG_WARN__DUPLICATE_METHOD_MATCH = YES;
				"CODE_SIGN_IDENTITY[sdk=iphoneos*]" = "iPhone Developer";
				COPY_PHASE_STRIP = NO;
				DEBUG_INFORMATION_FORMAT = dwarf;
				ENABLE_STRICT_OBJC_MSGSEND = YES;
				ENABLE_TESTABILITY = YES;
				GCC_C_LANGUAGE_STANDARD = gnu99;
				GCC_DYNAMIC_NO_PIC = NO;
				GCC_NO_COMMON_BLOCKS = YES;
				GCC_OPTIMIZATION_LEVEL = 0;
				GCC_PREPROCESSOR_DEFINITIONS = (
					"DEBUG=1",
					"$(inherited)",
				);
				GCC_WARN_64_TO_32_BIT_CONVERSION = YES;
				GCC_WARN_ABOUT_RETURN_TYPE = YES_ERROR;
				GCC_WARN_UNDECLARED_SELECTOR = YES;
				GCC_WARN_UNINITIALIZED_AUTOS = YES_AGGRESSIVE;
				GCC_WARN_UNUSED_FUNCTION = YES;
				GCC_WARN_UNUSED_VARIABLE = YES;
				IPHONEOS_DEPLOYMENT_TARGET = 9.0;
				MTL_ENABLE_DEBUG_INFO = YES;
				ONLY_ACTIVE_ARCH = YES;
				SDKROOT = iphoneos;
				SWIFT_OBJC_BRIDGING_HEADER = "AccelerateWatchDemoApp-Briding-Header.h";
				SWIFT_OPTIMIZATION_LEVEL = "-Onone";
			};
			name = Debug;
		};
		EB8AD3AF1D2128C200F63323 /* Release */ = {
			isa = XCBuildConfiguration;
			buildSettings = {
				ALWAYS_SEARCH_USER_PATHS = NO;
				CLANG_ANALYZER_NONNULL = YES;
				CLANG_CXX_LANGUAGE_STANDARD = "gnu++0x";
				CLANG_CXX_LIBRARY = "libc++";
				CLANG_ENABLE_MODULES = YES;
				CLANG_ENABLE_OBJC_ARC = YES;
				CLANG_WARN_BOOL_CONVERSION = YES;
				CLANG_WARN_CONSTANT_CONVERSION = YES;
				CLANG_WARN_DIRECT_OBJC_ISA_USAGE = YES_ERROR;
				CLANG_WARN_EMPTY_BODY = YES;
				CLANG_WARN_ENUM_CONVERSION = YES;
				CLANG_WARN_INFINITE_RECURSION = YES;
				CLANG_WARN_INT_CONVERSION = YES;
				CLANG_WARN_OBJC_ROOT_CLASS = YES_ERROR;
				CLANG_WARN_SUSPICIOUS_MOVE = YES;
				CLANG_WARN_UNREACHABLE_CODE = YES;
				CLANG_WARN__DUPLICATE_METHOD_MATCH = YES;
				"CODE_SIGN_IDENTITY[sdk=iphoneos*]" = "iPhone Developer";
				COPY_PHASE_STRIP = NO;
				DEBUG_INFORMATION_FORMAT = "dwarf-with-dsym";
				ENABLE_NS_ASSERTIONS = NO;
				ENABLE_STRICT_OBJC_MSGSEND = YES;
				GCC_C_LANGUAGE_STANDARD = gnu99;
				GCC_NO_COMMON_BLOCKS = YES;
				GCC_OPTIMIZATION_LEVEL = 0;
				GCC_WARN_64_TO_32_BIT_CONVERSION = YES;
				GCC_WARN_ABOUT_RETURN_TYPE = YES_ERROR;
				GCC_WARN_UNDECLARED_SELECTOR = YES;
				GCC_WARN_UNINITIALIZED_AUTOS = YES_AGGRESSIVE;
				GCC_WARN_UNUSED_FUNCTION = YES;
				GCC_WARN_UNUSED_VARIABLE = YES;
				IPHONEOS_DEPLOYMENT_TARGET = 9.0;
				MTL_ENABLE_DEBUG_INFO = NO;
				SDKROOT = iphoneos;
				SWIFT_OBJC_BRIDGING_HEADER = "AccelerateWatchDemoApp-Briding-Header.h";
				SWIFT_OPTIMIZATION_LEVEL = "-Owholemodule";
				VALIDATE_PRODUCT = YES;
			};
			name = Release;
		};
		EB8AD3B11D2128C200F63323 /* Debug */ = {
			isa = XCBuildConfiguration;
			buildSettings = {
				ASSETCATALOG_COMPILER_APPICON_NAME = AppIcon;
				INFOPLIST_FILE = AccelerateWatchDemoApp/Info.plist;
				LD_RUNPATH_SEARCH_PATHS = "$(inherited) @executable_path/Frameworks";
				PRODUCT_BUNDLE_IDENTIFIER = com.herrkaefer.AccelerateWatchDemoApp;
				PRODUCT_NAME = "$(TARGET_NAME)";
				SWIFT_VERSION = 3.0;
			};
			name = Debug;
		};
		EB8AD3B21D2128C200F63323 /* Release */ = {
			isa = XCBuildConfiguration;
			buildSettings = {
				ASSETCATALOG_COMPILER_APPICON_NAME = AppIcon;
				INFOPLIST_FILE = AccelerateWatchDemoApp/Info.plist;
				LD_RUNPATH_SEARCH_PATHS = "$(inherited) @executable_path/Frameworks";
				PRODUCT_BUNDLE_IDENTIFIER = com.herrkaefer.AccelerateWatchDemoApp;
				PRODUCT_NAME = "$(TARGET_NAME)";
				SWIFT_OPTIMIZATION_LEVEL = "-Owholemodule";
				SWIFT_VERSION = 3.0;
			};
			name = Release;
		};
		EB8AD3D11D2128D900F63323 /* Debug */ = {
			isa = XCBuildConfiguration;
			buildSettings = {
				INFOPLIST_FILE = "Watch Extension/Info.plist";
				LD_RUNPATH_SEARCH_PATHS = "$(inherited) @executable_path/Frameworks @executable_path/../../Frameworks";
				PRODUCT_BUNDLE_IDENTIFIER = com.herrkaefer.AccelerateWatchDemoApp.watchkitapp.watchkitextension;
				PRODUCT_NAME = "${TARGET_NAME}";
				SDKROOT = watchos;
				SKIP_INSTALL = YES;
				SWIFT_VERSION = 3.0;
				TARGETED_DEVICE_FAMILY = 4;
				WATCHOS_DEPLOYMENT_TARGET = 2.2;
			};
			name = Debug;
		};
		EB8AD3D21D2128D900F63323 /* Release */ = {
			isa = XCBuildConfiguration;
			buildSettings = {
				INFOPLIST_FILE = "Watch Extension/Info.plist";
				LD_RUNPATH_SEARCH_PATHS = "$(inherited) @executable_path/Frameworks @executable_path/../../Frameworks";
				PRODUCT_BUNDLE_IDENTIFIER = com.herrkaefer.AccelerateWatchDemoApp.watchkitapp.watchkitextension;
				PRODUCT_NAME = "${TARGET_NAME}";
				SDKROOT = watchos;
				SKIP_INSTALL = YES;
				SWIFT_OPTIMIZATION_LEVEL = "-Owholemodule";
				SWIFT_VERSION = 3.0;
				TARGETED_DEVICE_FAMILY = 4;
				WATCHOS_DEPLOYMENT_TARGET = 2.2;
			};
			name = Release;
		};
		EB8AD3D51D2128D900F63323 /* Debug */ = {
			isa = XCBuildConfiguration;
			buildSettings = {
				ALWAYS_EMBED_SWIFT_STANDARD_LIBRARIES = YES;
				ASSETCATALOG_COMPILER_APPICON_NAME = AppIcon;
				IBSC_MODULE = Watch_Extension;
				INFOPLIST_FILE = Watch/Info.plist;
				PRODUCT_BUNDLE_IDENTIFIER = com.herrkaefer.AccelerateWatchDemoApp.watchkitapp;
				PRODUCT_NAME = "$(TARGET_NAME)";
				SDKROOT = watchos;
				SKIP_INSTALL = YES;
				SWIFT_VERSION = 3.0;
				TARGETED_DEVICE_FAMILY = 4;
				WATCHOS_DEPLOYMENT_TARGET = 2.2;
			};
			name = Debug;
		};
		EB8AD3D61D2128D900F63323 /* Release */ = {
			isa = XCBuildConfiguration;
			buildSettings = {
				ALWAYS_EMBED_SWIFT_STANDARD_LIBRARIES = YES;
				ASSETCATALOG_COMPILER_APPICON_NAME = AppIcon;
				IBSC_MODULE = Watch_Extension;
				INFOPLIST_FILE = Watch/Info.plist;
				PRODUCT_BUNDLE_IDENTIFIER = com.herrkaefer.AccelerateWatchDemoApp.watchkitapp;
				PRODUCT_NAME = "$(TARGET_NAME)";
				SDKROOT = watchos;
				SKIP_INSTALL = YES;
				SWIFT_VERSION = 3.0;
				TARGETED_DEVICE_FAMILY = 4;
				WATCHOS_DEPLOYMENT_TARGET = 2.2;
			};
			name = Release;
		};
/* End XCBuildConfiguration section */

/* Begin XCConfigurationList section */
		EB8AD3991D2128C200F63323 /* Build configuration list for PBXProject "AccelerateWatchDemoApp" */ = {
			isa = XCConfigurationList;
			buildConfigurations = (
				EB8AD3AE1D2128C200F63323 /* Debug */,
				EB8AD3AF1D2128C200F63323 /* Release */,
			);
			defaultConfigurationIsVisible = 0;
			defaultConfigurationName = Release;
		};
		EB8AD3B01D2128C200F63323 /* Build configuration list for PBXNativeTarget "AccelerateWatchDemoApp" */ = {
			isa = XCConfigurationList;
			buildConfigurations = (
				EB8AD3B11D2128C200F63323 /* Debug */,
				EB8AD3B21D2128C200F63323 /* Release */,
			);
			defaultConfigurationIsVisible = 0;
			defaultConfigurationName = Release;
		};
		EB8AD3D01D2128D900F63323 /* Build configuration list for PBXNativeTarget "Watch Extension" */ = {
			isa = XCConfigurationList;
			buildConfigurations = (
				EB8AD3D11D2128D900F63323 /* Debug */,
				EB8AD3D21D2128D900F63323 /* Release */,
			);
			defaultConfigurationIsVisible = 0;
			defaultConfigurationName = Release;
		};
		EB8AD3D41D2128D900F63323 /* Build configuration list for PBXNativeTarget "Watch" */ = {
			isa = XCConfigurationList;
			buildConfigurations = (
				EB8AD3D51D2128D900F63323 /* Debug */,
				EB8AD3D61D2128D900F63323 /* Release */,
			);
			defaultConfigurationIsVisible = 0;
			defaultConfigurationName = Release;
		};
/* End XCConfigurationList section */
	};
	rootObject = EB8AD3961D2128C200F63323 /* Project object */;
}
