// !$*UTF8*$!
{
	archiveVersion = 1;
	classes = {
	};
	objectVersion = 46;
	objects = {

/* Begin PBXBuildFile section */
		EBD80BE91D18097900274D37 /* AppDelegate.swift in Sources */ = {isa = PBXBuildFile; fileRef = EBD80BE81D18097900274D37 /* AppDelegate.swift */; };
		EBD80BEB1D18097900274D37 /* ViewController.swift in Sources */ = {isa = PBXBuildFile; fileRef = EBD80BEA1D18097900274D37 /* ViewController.swift */; };
		EBD80BEE1D18097900274D37 /* Main.storyboard in Resources */ = {isa = PBXBuildFile; fileRef = EBD80BEC1D18097900274D37 /* Main.storyboard */; };
		EBD80BF01D18097900274D37 /* Assets.xcassets in Resources */ = {isa = PBXBuildFile; fileRef = EBD80BEF1D18097900274D37 /* Assets.xcassets */; };
		EBD80BF31D18097900274D37 /* LaunchScreen.storyboard in Resources */ = {isa = PBXBuildFile; fileRef = EBD80BF11D18097900274D37 /* LaunchScreen.storyboard */; };
		EBD80C001D18098900274D37 /* Interface.storyboard in Resources */ = {isa = PBXBuildFile; fileRef = EBD80BFE1D18098900274D37 /* Interface.storyboard */; };
		EBD80C021D18098900274D37 /* Assets.xcassets in Resources */ = {isa = PBXBuildFile; fileRef = EBD80C011D18098900274D37 /* Assets.xcassets */; };
		EBD80C091D18098900274D37 /* Watch Extension.appex in Embed App Extensions */ = {isa = PBXBuildFile; fileRef = EBD80C081D18098900274D37 /* Watch Extension.appex */; settings = {ATTRIBUTES = (RemoveHeadersOnCopy, ); }; };
		EBD80C0E1D18098900274D37 /* InterfaceController.swift in Sources */ = {isa = PBXBuildFile; fileRef = EBD80C0D1D18098900274D37 /* InterfaceController.swift */; };
		EBD80C101D18098900274D37 /* ExtensionDelegate.swift in Sources */ = {isa = PBXBuildFile; fileRef = EBD80C0F1D18098900274D37 /* ExtensionDelegate.swift */; };
		EBD80C121D18098900274D37 /* Assets.xcassets in Resources */ = {isa = PBXBuildFile; fileRef = EBD80C111D18098900274D37 /* Assets.xcassets */; };
		EBD80C161D18098900274D37 /* Watch.app in Embed Watch Content */ = {isa = PBXBuildFile; fileRef = EBD80BFC1D18098900274D37 /* Watch.app */; };
		EBD80C2B1D1809B900274D37 /* AccelerateWatch.swift in Sources */ = {isa = PBXBuildFile; fileRef = EBD80C201D1809B900274D37 /* AccelerateWatch.swift */; };
		EBD80C2C1D1809B900274D37 /* dsbuffer.c in Sources */ = {isa = PBXBuildFile; fileRef = EBD80C211D1809B900274D37 /* dsbuffer.c */; };
		EBD80C2E1D1809B900274D37 /* kiss_fft.c in Sources */ = {isa = PBXBuildFile; fileRef = EBD80C261D1809B900274D37 /* kiss_fft.c */; };
		EBD80C2F1D1809B900274D37 /* kiss_fftr.c in Sources */ = {isa = PBXBuildFile; fileRef = EBD80C281D1809B900274D37 /* kiss_fftr.c */; };
/* End PBXBuildFile section */

/* Begin PBXContainerItemProxy section */
		EBD80C0A1D18098900274D37 /* PBXContainerItemProxy */ = {
			isa = PBXContainerItemProxy;
			containerPortal = EBD80BDD1D18097900274D37 /* Project object */;
			proxyType = 1;
			remoteGlobalIDString = EBD80C071D18098900274D37;
			remoteInfo = "Watch Extension";
		};
		EBD80C141D18098900274D37 /* PBXContainerItemProxy */ = {
			isa = PBXContainerItemProxy;
			containerPortal = EBD80BDD1D18097900274D37 /* Project object */;
			proxyType = 1;
			remoteGlobalIDString = EBD80BFB1D18098900274D37;
			remoteInfo = Watch;
		};
/* End PBXContainerItemProxy section */

/* Begin PBXCopyFilesBuildPhase section */
		EBD80C1A1D18098900274D37 /* Embed App Extensions */ = {
			isa = PBXCopyFilesBuildPhase;
			buildActionMask = 2147483647;
			dstPath = "";
			dstSubfolderSpec = 13;
			files = (
				EBD80C091D18098900274D37 /* Watch Extension.appex in Embed App Extensions */,
			);
			name = "Embed App Extensions";
			runOnlyForDeploymentPostprocessing = 0;
		};
		EBD80C1E1D18098900274D37 /* Embed Watch Content */ = {
			isa = PBXCopyFilesBuildPhase;
			buildActionMask = 2147483647;
			dstPath = "$(CONTENTS_FOLDER_PATH)/Watch";
			dstSubfolderSpec = 16;
			files = (
				EBD80C161D18098900274D37 /* Watch.app in Embed Watch Content */,
			);
			name = "Embed Watch Content";
			runOnlyForDeploymentPostprocessing = 0;
		};
/* End PBXCopyFilesBuildPhase section */

/* Begin PBXFileReference section */
		EBD80BE51D18097900274D37 /* AccelerateWatchDemo.app */ = {isa = PBXFileReference; explicitFileType = wrapper.application; includeInIndex = 0; path = AccelerateWatchDemo.app; sourceTree = BUILT_PRODUCTS_DIR; };
		EBD80BE81D18097900274D37 /* AppDelegate.swift */ = {isa = PBXFileReference; lastKnownFileType = sourcecode.swift; path = AppDelegate.swift; sourceTree = "<group>"; };
		EBD80BEA1D18097900274D37 /* ViewController.swift */ = {isa = PBXFileReference; lastKnownFileType = sourcecode.swift; path = ViewController.swift; sourceTree = "<group>"; };
		EBD80BED1D18097900274D37 /* Base */ = {isa = PBXFileReference; lastKnownFileType = file.storyboard; name = Base; path = Base.lproj/Main.storyboard; sourceTree = "<group>"; };
		EBD80BEF1D18097900274D37 /* Assets.xcassets */ = {isa = PBXFileReference; lastKnownFileType = folder.assetcatalog; path = Assets.xcassets; sourceTree = "<group>"; };
		EBD80BF21D18097900274D37 /* Base */ = {isa = PBXFileReference; lastKnownFileType = file.storyboard; name = Base; path = Base.lproj/LaunchScreen.storyboard; sourceTree = "<group>"; };
		EBD80BF41D18097900274D37 /* Info.plist */ = {isa = PBXFileReference; lastKnownFileType = text.plist.xml; path = Info.plist; sourceTree = "<group>"; };
		EBD80BFC1D18098900274D37 /* Watch.app */ = {isa = PBXFileReference; explicitFileType = wrapper.application; includeInIndex = 0; path = Watch.app; sourceTree = BUILT_PRODUCTS_DIR; };
		EBD80BFF1D18098900274D37 /* Base */ = {isa = PBXFileReference; lastKnownFileType = file.storyboard; name = Base; path = Base.lproj/Interface.storyboard; sourceTree = "<group>"; };
		EBD80C011D18098900274D37 /* Assets.xcassets */ = {isa = PBXFileReference; lastKnownFileType = folder.assetcatalog; path = Assets.xcassets; sourceTree = "<group>"; };
		EBD80C031D18098900274D37 /* Info.plist */ = {isa = PBXFileReference; lastKnownFileType = text.plist.xml; path = Info.plist; sourceTree = "<group>"; };
		EBD80C081D18098900274D37 /* Watch Extension.appex */ = {isa = PBXFileReference; explicitFileType = "wrapper.app-extension"; includeInIndex = 0; path = "Watch Extension.appex"; sourceTree = BUILT_PRODUCTS_DIR; };
		EBD80C0D1D18098900274D37 /* InterfaceController.swift */ = {isa = PBXFileReference; lastKnownFileType = sourcecode.swift; path = InterfaceController.swift; sourceTree = "<group>"; };
		EBD80C0F1D18098900274D37 /* ExtensionDelegate.swift */ = {isa = PBXFileReference; lastKnownFileType = sourcecode.swift; path = ExtensionDelegate.swift; sourceTree = "<group>"; };
		EBD80C111D18098900274D37 /* Assets.xcassets */ = {isa = PBXFileReference; lastKnownFileType = folder.assetcatalog; path = Assets.xcassets; sourceTree = "<group>"; };
		EBD80C131D18098900274D37 /* Info.plist */ = {isa = PBXFileReference; lastKnownFileType = text.plist.xml; path = Info.plist; sourceTree = "<group>"; };
		EBD80C201D1809B900274D37 /* AccelerateWatch.swift */ = {isa = PBXFileReference; fileEncoding = 4; lastKnownFileType = sourcecode.swift; path = AccelerateWatch.swift; sourceTree = "<group>"; };
		EBD80C211D1809B900274D37 /* dsbuffer.c */ = {isa = PBXFileReference; fileEncoding = 4; lastKnownFileType = sourcecode.c.c; path = dsbuffer.c; sourceTree = "<group>"; };
		EBD80C221D1809B900274D37 /* dsbuffer.h */ = {isa = PBXFileReference; fileEncoding = 4; lastKnownFileType = sourcecode.c.h; path = dsbuffer.h; sourceTree = "<group>"; };
		EBD80C251D1809B900274D37 /* _kiss_fft_guts.h */ = {isa = PBXFileReference; fileEncoding = 4; lastKnownFileType = sourcecode.c.h; path = _kiss_fft_guts.h; sourceTree = "<group>"; };
		EBD80C261D1809B900274D37 /* kiss_fft.c */ = {isa = PBXFileReference; fileEncoding = 4; lastKnownFileType = sourcecode.c.c; path = kiss_fft.c; sourceTree = "<group>"; };
		EBD80C271D1809B900274D37 /* kiss_fft.h */ = {isa = PBXFileReference; fileEncoding = 4; lastKnownFileType = sourcecode.c.h; path = kiss_fft.h; sourceTree = "<group>"; };
		EBD80C281D1809B900274D37 /* kiss_fftr.c */ = {isa = PBXFileReference; fileEncoding = 4; lastKnownFileType = sourcecode.c.c; path = kiss_fftr.c; sourceTree = "<group>"; };
		EBD80C291D1809B900274D37 /* kiss_fftr.h */ = {isa = PBXFileReference; fileEncoding = 4; lastKnownFileType = sourcecode.c.h; path = kiss_fftr.h; sourceTree = "<group>"; };
		EBD80C311D1809EA00274D37 /* AccelerateWatchDemo-Briding-Header.h */ = {isa = PBXFileReference; lastKnownFileType = sourcecode.c.h; path = "AccelerateWatchDemo-Briding-Header.h"; sourceTree = "<group>"; };
/* End PBXFileReference section */

/* Begin PBXFrameworksBuildPhase section */
		EBD80BE21D18097900274D37 /* Frameworks */ = {
			isa = PBXFrameworksBuildPhase;
			buildActionMask = 2147483647;
			files = (
			);
			runOnlyForDeploymentPostprocessing = 0;
		};
		EBD80C051D18098900274D37 /* Frameworks */ = {
			isa = PBXFrameworksBuildPhase;
			buildActionMask = 2147483647;
			files = (
			);
			runOnlyForDeploymentPostprocessing = 0;
		};
/* End PBXFrameworksBuildPhase section */

/* Begin PBXGroup section */
		EBD80BDC1D18097900274D37 = {
			isa = PBXGroup;
			children = (
				EBD80C311D1809EA00274D37 /* AccelerateWatchDemo-Briding-Header.h */,
				EBD80BE71D18097900274D37 /* AccelerateWatchDemo */,
				EBD80BFD1D18098900274D37 /* Watch */,
				EBD80C0C1D18098900274D37 /* Watch Extension */,
				EBD80BE61D18097900274D37 /* Products */,
			);
			sourceTree = "<group>";
		};
		EBD80BE61D18097900274D37 /* Products */ = {
			isa = PBXGroup;
			children = (
				EBD80BE51D18097900274D37 /* AccelerateWatchDemo.app */,
				EBD80BFC1D18098900274D37 /* Watch.app */,
				EBD80C081D18098900274D37 /* Watch Extension.appex */,
			);
			name = Products;
			sourceTree = "<group>";
		};
		EBD80BE71D18097900274D37 /* AccelerateWatchDemo */ = {
			isa = PBXGroup;
			children = (
				EBD80BE81D18097900274D37 /* AppDelegate.swift */,
				EBD80BEA1D18097900274D37 /* ViewController.swift */,
				EBD80BEC1D18097900274D37 /* Main.storyboard */,
				EBD80BEF1D18097900274D37 /* Assets.xcassets */,
				EBD80BF11D18097900274D37 /* LaunchScreen.storyboard */,
				EBD80BF41D18097900274D37 /* Info.plist */,
			);
			path = AccelerateWatchDemo;
			sourceTree = "<group>";
		};
		EBD80BFD1D18098900274D37 /* Watch */ = {
			isa = PBXGroup;
			children = (
				EBD80BFE1D18098900274D37 /* Interface.storyboard */,
				EBD80C011D18098900274D37 /* Assets.xcassets */,
				EBD80C031D18098900274D37 /* Info.plist */,
			);
			path = Watch;
			sourceTree = "<group>";
		};
		EBD80C0C1D18098900274D37 /* Watch Extension */ = {
			isa = PBXGroup;
			children = (
				EBD80C1F1D1809B900274D37 /* AccelerateWatch */,
				EBD80C0D1D18098900274D37 /* InterfaceController.swift */,
				EBD80C0F1D18098900274D37 /* ExtensionDelegate.swift */,
				EBD80C111D18098900274D37 /* Assets.xcassets */,
				EBD80C131D18098900274D37 /* Info.plist */,
			);
			path = "Watch Extension";
			sourceTree = "<group>";
		};
		EBD80C1F1D1809B900274D37 /* AccelerateWatch */ = {
			isa = PBXGroup;
			children = (
				EBD80C201D1809B900274D37 /* AccelerateWatch.swift */,
				EBD80C211D1809B900274D37 /* dsbuffer.c */,
				EBD80C221D1809B900274D37 /* dsbuffer.h */,
				EBD80C241D1809B900274D37 /* kissfft */,
			);
			path = AccelerateWatch;
			sourceTree = "<group>";
		};
		EBD80C241D1809B900274D37 /* kissfft */ = {
			isa = PBXGroup;
			children = (
				EBD80C251D1809B900274D37 /* _kiss_fft_guts.h */,
				EBD80C261D1809B900274D37 /* kiss_fft.c */,
				EBD80C271D1809B900274D37 /* kiss_fft.h */,
				EBD80C281D1809B900274D37 /* kiss_fftr.c */,
				EBD80C291D1809B900274D37 /* kiss_fftr.h */,
			);
			path = kissfft;
			sourceTree = "<group>";
		};
/* End PBXGroup section */

/* Begin PBXNativeTarget section */
		EBD80BE41D18097900274D37 /* AccelerateWatchDemo */ = {
			isa = PBXNativeTarget;
			buildConfigurationList = EBD80BF71D18097900274D37 /* Build configuration list for PBXNativeTarget "AccelerateWatchDemo" */;
			buildPhases = (
				EBD80BE11D18097900274D37 /* Sources */,
				EBD80BE21D18097900274D37 /* Frameworks */,
				EBD80BE31D18097900274D37 /* Resources */,
				EBD80C1E1D18098900274D37 /* Embed Watch Content */,
			);
			buildRules = (
			);
			dependencies = (
				EBD80C151D18098900274D37 /* PBXTargetDependency */,
			);
			name = AccelerateWatchDemo;
			productName = AccelerateWatchDemo;
			productReference = EBD80BE51D18097900274D37 /* AccelerateWatchDemo.app */;
			productType = "com.apple.product-type.application";
		};
		EBD80BFB1D18098900274D37 /* Watch */ = {
			isa = PBXNativeTarget;
			buildConfigurationList = EBD80C1B1D18098900274D37 /* Build configuration list for PBXNativeTarget "Watch" */;
			buildPhases = (
				EBD80BFA1D18098900274D37 /* Resources */,
				EBD80C1A1D18098900274D37 /* Embed App Extensions */,
			);
			buildRules = (
			);
			dependencies = (
				EBD80C0B1D18098900274D37 /* PBXTargetDependency */,
			);
			name = Watch;
			productName = Watch;
			productReference = EBD80BFC1D18098900274D37 /* Watch.app */;
			productType = "com.apple.product-type.application.watchapp2";
		};
		EBD80C071D18098900274D37 /* Watch Extension */ = {
			isa = PBXNativeTarget;
			buildConfigurationList = EBD80C171D18098900274D37 /* Build configuration list for PBXNativeTarget "Watch Extension" */;
			buildPhases = (
				EBD80C041D18098900274D37 /* Sources */,
				EBD80C051D18098900274D37 /* Frameworks */,
				EBD80C061D18098900274D37 /* Resources */,
			);
			buildRules = (
			);
			dependencies = (
			);
			name = "Watch Extension";
			productName = "Watch Extension";
			productReference = EBD80C081D18098900274D37 /* Watch Extension.appex */;
			productType = "com.apple.product-type.watchkit2-extension";
		};
/* End PBXNativeTarget section */

/* Begin PBXProject section */
		EBD80BDD1D18097900274D37 /* Project object */ = {
			isa = PBXProject;
			attributes = {
				LastSwiftUpdateCheck = 0730;
				LastUpgradeCheck = 0730;
				ORGANIZATIONNAME = Herrkaefer;
				TargetAttributes = {
					EBD80BE41D18097900274D37 = {
						CreatedOnToolsVersion = 7.3.1;
					};
					EBD80BFB1D18098900274D37 = {
						CreatedOnToolsVersion = 7.3.1;
					};
					EBD80C071D18098900274D37 = {
						CreatedOnToolsVersion = 7.3.1;
					};
				};
			};
			buildConfigurationList = EBD80BE01D18097900274D37 /* Build configuration list for PBXProject "AccelerateWatchDemo" */;
			compatibilityVersion = "Xcode 3.2";
			developmentRegion = English;
			hasScannedForEncodings = 0;
			knownRegions = (
				en,
				Base,
			);
			mainGroup = EBD80BDC1D18097900274D37;
			productRefGroup = EBD80BE61D18097900274D37 /* Products */;
			projectDirPath = "";
			projectRoot = "";
			targets = (
				EBD80BE41D18097900274D37 /* AccelerateWatchDemo */,
				EBD80BFB1D18098900274D37 /* Watch */,
				EBD80C071D18098900274D37 /* Watch Extension */,
			);
		};
/* End PBXProject section */

/* Begin PBXResourcesBuildPhase section */
		EBD80BE31D18097900274D37 /* Resources */ = {
			isa = PBXResourcesBuildPhase;
			buildActionMask = 2147483647;
			files = (
				EBD80BF31D18097900274D37 /* LaunchScreen.storyboard in Resources */,
				EBD80BF01D18097900274D37 /* Assets.xcassets in Resources */,
				EBD80BEE1D18097900274D37 /* Main.storyboard in Resources */,
			);
			runOnlyForDeploymentPostprocessing = 0;
		};
		EBD80BFA1D18098900274D37 /* Resources */ = {
			isa = PBXResourcesBuildPhase;
			buildActionMask = 2147483647;
			files = (
				EBD80C021D18098900274D37 /* Assets.xcassets in Resources */,
				EBD80C001D18098900274D37 /* Interface.storyboard in Resources */,
			);
			runOnlyForDeploymentPostprocessing = 0;
		};
		EBD80C061D18098900274D37 /* Resources */ = {
			isa = PBXResourcesBuildPhase;
			buildActionMask = 2147483647;
			files = (
				EBD80C121D18098900274D37 /* Assets.xcassets in Resources */,
			);
			runOnlyForDeploymentPostprocessing = 0;
		};
/* End PBXResourcesBuildPhase section */

/* Begin PBXSourcesBuildPhase section */
		EBD80BE11D18097900274D37 /* Sources */ = {
			isa = PBXSourcesBuildPhase;
			buildActionMask = 2147483647;
			files = (
				EBD80BEB1D18097900274D37 /* ViewController.swift in Sources */,
				EBD80BE91D18097900274D37 /* AppDelegate.swift in Sources */,
			);
			runOnlyForDeploymentPostprocessing = 0;
		};
		EBD80C041D18098900274D37 /* Sources */ = {
			isa = PBXSourcesBuildPhase;
			buildActionMask = 2147483647;
			files = (
				EBD80C2E1D1809B900274D37 /* kiss_fft.c in Sources */,
				EBD80C2C1D1809B900274D37 /* dsbuffer.c in Sources */,
				EBD80C101D18098900274D37 /* ExtensionDelegate.swift in Sources */,
				EBD80C2B1D1809B900274D37 /* AccelerateWatch.swift in Sources */,
				EBD80C0E1D18098900274D37 /* InterfaceController.swift in Sources */,
				EBD80C2F1D1809B900274D37 /* kiss_fftr.c in Sources */,
			);
			runOnlyForDeploymentPostprocessing = 0;
		};
/* End PBXSourcesBuildPhase section */

/* Begin PBXTargetDependency section */
		EBD80C0B1D18098900274D37 /* PBXTargetDependency */ = {
			isa = PBXTargetDependency;
			target = EBD80C071D18098900274D37 /* Watch Extension */;
			targetProxy = EBD80C0A1D18098900274D37 /* PBXContainerItemProxy */;
		};
		EBD80C151D18098900274D37 /* PBXTargetDependency */ = {
			isa = PBXTargetDependency;
			target = EBD80BFB1D18098900274D37 /* Watch */;
			targetProxy = EBD80C141D18098900274D37 /* PBXContainerItemProxy */;
		};
/* End PBXTargetDependency section */

/* Begin PBXVariantGroup section */
		EBD80BEC1D18097900274D37 /* Main.storyboard */ = {
			isa = PBXVariantGroup;
			children = (
				EBD80BED1D18097900274D37 /* Base */,
			);
			name = Main.storyboard;
			sourceTree = "<group>";
		};
		EBD80BF11D18097900274D37 /* LaunchScreen.storyboard */ = {
			isa = PBXVariantGroup;
			children = (
				EBD80BF21D18097900274D37 /* Base */,
			);
			name = LaunchScreen.storyboard;
			sourceTree = "<group>";
		};
		EBD80BFE1D18098900274D37 /* Interface.storyboard */ = {
			isa = PBXVariantGroup;
			children = (
				EBD80BFF1D18098900274D37 /* Base */,
			);
			name = Interface.storyboard;
			sourceTree = "<group>";
		};
/* End PBXVariantGroup section */

/* Begin XCBuildConfiguration section */
		EBD80BF51D18097900274D37 /* Debug */ = {
			isa = XCBuildConfiguration;
			buildSettings = {
				ALWAYS_SEARCH_USER_PATHS = NO;
				CLANG_ANALYZER_NONNULL = YES;
				CLANG_CXX_LANGUAGE_STANDARD = "gnu++0x";
				CLANG_CXX_LIBRARY = "libc++";
				CLANG_ENABLE_MODULES = YES;
				CLANG_ENABLE_OBJC_ARC = YES;
				CLANG_WARN_BOOL_CONVERSION = YES;
				CLANG_WARN_CONSTANT_CONVERSION = YES;
				CLANG_WARN_DIRECT_OBJC_ISA_USAGE = YES_ERROR;
				CLANG_WARN_EMPTY_BODY = YES;
				CLANG_WARN_ENUM_CONVERSION = YES;
				CLANG_WARN_INT_CONVERSION = YES;
				CLANG_WARN_OBJC_ROOT_CLASS = YES_ERROR;
				CLANG_WARN_UNREACHABLE_CODE = YES;
				CLANG_WARN__DUPLICATE_METHOD_MATCH = YES;
				"CODE_SIGN_IDENTITY[sdk=iphoneos*]" = "iPhone Developer";
				COPY_PHASE_STRIP = NO;
				DEBUG_INFORMATION_FORMAT = dwarf;
				ENABLE_STRICT_OBJC_MSGSEND = YES;
				ENABLE_TESTABILITY = YES;
				GCC_C_LANGUAGE_STANDARD = gnu99;
				GCC_DYNAMIC_NO_PIC = NO;
				GCC_NO_COMMON_BLOCKS = YES;
				GCC_OPTIMIZATION_LEVEL = 0;
				GCC_PREPROCESSOR_DEFINITIONS = (
					"DEBUG=1",
					"$(inherited)",
				);
				GCC_WARN_64_TO_32_BIT_CONVERSION = YES;
				GCC_WARN_ABOUT_RETURN_TYPE = YES_ERROR;
				GCC_WARN_UNDECLARED_SELECTOR = YES;
				GCC_WARN_UNINITIALIZED_AUTOS = YES_AGGRESSIVE;
				GCC_WARN_UNUSED_FUNCTION = YES;
				GCC_WARN_UNUSED_VARIABLE = YES;
				IPHONEOS_DEPLOYMENT_TARGET = 9.3;
				MTL_ENABLE_DEBUG_INFO = YES;
				ONLY_ACTIVE_ARCH = YES;
				SDKROOT = iphoneos;
				SWIFT_OPTIMIZATION_LEVEL = "-Onone";
			};
			name = Debug;
		};
		EBD80BF61D18097900274D37 /* Release */ = {
			isa = XCBuildConfiguration;
			buildSettings = {
				ALWAYS_SEARCH_USER_PATHS = NO;
				CLANG_ANALYZER_NONNULL = YES;
				CLANG_CXX_LANGUAGE_STANDARD = "gnu++0x";
				CLANG_CXX_LIBRARY = "libc++";
				CLANG_ENABLE_MODULES = YES;
				CLANG_ENABLE_OBJC_ARC = YES;
				CLANG_WARN_BOOL_CONVERSION = YES;
				CLANG_WARN_CONSTANT_CONVERSION = YES;
				CLANG_WARN_DIRECT_OBJC_ISA_USAGE = YES_ERROR;
				CLANG_WARN_EMPTY_BODY = YES;
				CLANG_WARN_ENUM_CONVERSION = YES;
				CLANG_WARN_INT_CONVERSION = YES;
				CLANG_WARN_OBJC_ROOT_CLASS = YES_ERROR;
				CLANG_WARN_UNREACHABLE_CODE = YES;
				CLANG_WARN__DUPLICATE_METHOD_MATCH = YES;
				"CODE_SIGN_IDENTITY[sdk=iphoneos*]" = "iPhone Developer";
				COPY_PHASE_STRIP = NO;
				DEBUG_INFORMATION_FORMAT = "dwarf-with-dsym";
				ENABLE_NS_ASSERTIONS = NO;
				ENABLE_STRICT_OBJC_MSGSEND = YES;
				GCC_C_LANGUAGE_STANDARD = gnu99;
				GCC_NO_COMMON_BLOCKS = YES;
				GCC_WARN_64_TO_32_BIT_CONVERSION = YES;
				GCC_WARN_ABOUT_RETURN_TYPE = YES_ERROR;
				GCC_WARN_UNDECLARED_SELECTOR = YES;
				GCC_WARN_UNINITIALIZED_AUTOS = YES_AGGRESSIVE;
				GCC_WARN_UNUSED_FUNCTION = YES;
				GCC_WARN_UNUSED_VARIABLE = YES;
				IPHONEOS_DEPLOYMENT_TARGET = 9.3;
				MTL_ENABLE_DEBUG_INFO = NO;
				SDKROOT = iphoneos;
				VALIDATE_PRODUCT = YES;
			};
			name = Release;
		};
		EBD80BF81D18097900274D37 /* Debug */ = {
			isa = XCBuildConfiguration;
			buildSettings = {
				ASSETCATALOG_COMPILER_APPICON_NAME = AppIcon;
				INFOPLIST_FILE = AccelerateWatchDemo/Info.plist;
				LD_RUNPATH_SEARCH_PATHS = "$(inherited) @executable_path/Frameworks";
				PRODUCT_BUNDLE_IDENTIFIER = com.herrkaefer.AccelerateWatchDemo;
				PRODUCT_NAME = "$(TARGET_NAME)";
			};
			name = Debug;
		};
		EBD80BF91D18097900274D37 /* Release */ = {
			isa = XCBuildConfiguration;
			buildSettings = {
				ASSETCATALOG_COMPILER_APPICON_NAME = AppIcon;
				INFOPLIST_FILE = AccelerateWatchDemo/Info.plist;
				LD_RUNPATH_SEARCH_PATHS = "$(inherited) @executable_path/Frameworks";
				PRODUCT_BUNDLE_IDENTIFIER = com.herrkaefer.AccelerateWatchDemo;
				PRODUCT_NAME = "$(TARGET_NAME)";
			};
			name = Release;
		};
		EBD80C181D18098900274D37 /* Debug */ = {
			isa = XCBuildConfiguration;
			buildSettings = {
				INFOPLIST_FILE = "Watch Extension/Info.plist";
				LD_RUNPATH_SEARCH_PATHS = "$(inherited) @executable_path/Frameworks @executable_path/../../Frameworks";
				PRODUCT_BUNDLE_IDENTIFIER = com.herrkaefer.AccelerateWatchDemo.watchkitapp.watchkitextension;
				PRODUCT_NAME = "${TARGET_NAME}";
				SDKROOT = watchos;
				SKIP_INSTALL = YES;
				SWIFT_OBJC_BRIDGING_HEADER = "AccelerateWatchDemo-Briding-Header.h";
				TARGETED_DEVICE_FAMILY = 4;
				WATCHOS_DEPLOYMENT_TARGET = 2.2;
			};
			name = Debug;
		};
		EBD80C191D18098900274D37 /* Release */ = {
			isa = XCBuildConfiguration;
			buildSettings = {
				INFOPLIST_FILE = "Watch Extension/Info.plist";
				LD_RUNPATH_SEARCH_PATHS = "$(inherited) @executable_path/Frameworks @executable_path/../../Frameworks";
				PRODUCT_BUNDLE_IDENTIFIER = com.herrkaefer.AccelerateWatchDemo.watchkitapp.watchkitextension;
				PRODUCT_NAME = "${TARGET_NAME}";
				SDKROOT = watchos;
				SKIP_INSTALL = YES;
				SWIFT_OBJC_BRIDGING_HEADER = "AccelerateWatchDemo-Briding-Header.h";
				TARGETED_DEVICE_FAMILY = 4;
				WATCHOS_DEPLOYMENT_TARGET = 2.2;
			};
			name = Release;
		};
		EBD80C1C1D18098900274D37 /* Debug */ = {
			isa = XCBuildConfiguration;
			buildSettings = {
				ASSETCATALOG_COMPILER_APPICON_NAME = AppIcon;
				EMBEDDED_CONTENT_CONTAINS_SWIFT = YES;
				IBSC_MODULE = Watch_Extension;
				INFOPLIST_FILE = Watch/Info.plist;
				PRODUCT_BUNDLE_IDENTIFIER = com.herrkaefer.AccelerateWatchDemo.watchkitapp;
				PRODUCT_NAME = "$(TARGET_NAME)";
				SDKROOT = watchos;
				SKIP_INSTALL = YES;
				TARGETED_DEVICE_FAMILY = 4;
				WATCHOS_DEPLOYMENT_TARGET = 2.2;
			};
			name = Debug;
		};
		EBD80C1D1D18098900274D37 /* Release */ = {
			isa = XCBuildConfiguration;
			buildSettings = {
				ASSETCATALOG_COMPILER_APPICON_NAME = AppIcon;
				EMBEDDED_CONTENT_CONTAINS_SWIFT = YES;
				IBSC_MODULE = Watch_Extension;
				INFOPLIST_FILE = Watch/Info.plist;
				PRODUCT_BUNDLE_IDENTIFIER = com.herrkaefer.AccelerateWatchDemo.watchkitapp;
				PRODUCT_NAME = "$(TARGET_NAME)";
				SDKROOT = watchos;
				SKIP_INSTALL = YES;
				TARGETED_DEVICE_FAMILY = 4;
				WATCHOS_DEPLOYMENT_TARGET = 2.2;
			};
			name = Release;
		};
/* End XCBuildConfiguration section */

/* Begin XCConfigurationList section */
		EBD80BE01D18097900274D37 /* Build configuration list for PBXProject "AccelerateWatchDemo" */ = {
			isa = XCConfigurationList;
			buildConfigurations = (
				EBD80BF51D18097900274D37 /* Debug */,
				EBD80BF61D18097900274D37 /* Release */,
			);
			defaultConfigurationIsVisible = 0;
			defaultConfigurationName = Release;
		};
		EBD80BF71D18097900274D37 /* Build configuration list for PBXNativeTarget "AccelerateWatchDemo" */ = {
			isa = XCConfigurationList;
			buildConfigurations = (
				EBD80BF81D18097900274D37 /* Debug */,
				EBD80BF91D18097900274D37 /* Release */,
			);
			defaultConfigurationIsVisible = 0;
		};
		EBD80C171D18098900274D37 /* Build configuration list for PBXNativeTarget "Watch Extension" */ = {
			isa = XCConfigurationList;
			buildConfigurations = (
				EBD80C181D18098900274D37 /* Debug */,
				EBD80C191D18098900274D37 /* Release */,
			);
			defaultConfigurationIsVisible = 0;
		};
		EBD80C1B1D18098900274D37 /* Build configuration list for PBXNativeTarget "Watch" */ = {
			isa = XCConfigurationList;
			buildConfigurations = (
				EBD80C1C1D18098900274D37 /* Debug */,
				EBD80C1D1D18098900274D37 /* Release */,
			);
			defaultConfigurationIsVisible = 0;
		};
/* End XCConfigurationList section */
	};
	rootObject = EBD80BDD1D18097900274D37 /* Project object */;
}
