// !$*UTF8*$!
{
	archiveVersion = 1;
	classes = {
	};
	objectVersion = 46;
	objects = {

/* Begin PBXBuildFile section */
		607FACD61AFB9204008FA782 /* AppDelegate.swift in Sources */ = {isa = PBXBuildFile; fileRef = 607FACD51AFB9204008FA782 /* AppDelegate.swift */; };
		607FACD81AFB9204008FA782 /* ViewController.swift in Sources */ = {isa = PBXBuildFile; fileRef = 607FACD71AFB9204008FA782 /* ViewController.swift */; };
		607FACDB1AFB9204008FA782 /* Main.storyboard in Resources */ = {isa = PBXBuildFile; fileRef = 607FACD91AFB9204008FA782 /* Main.storyboard */; };
		607FACDD1AFB9204008FA782 /* Images.xcassets in Resources */ = {isa = PBXBuildFile; fileRef = 607FACDC1AFB9204008FA782 /* Images.xcassets */; };
		607FACE01AFB9204008FA782 /* LaunchScreen.xib in Resources */ = {isa = PBXBuildFile; fileRef = 607FACDE1AFB9204008FA782 /* LaunchScreen.xib */; };
		607FACEC1AFB9204008FA782 /* Tests.swift in Sources */ = {isa = PBXBuildFile; fileRef = 607FACEB1AFB9204008FA782 /* Tests.swift */; };
		DF951BDB707E17A460E27C16 /* Pods_AccelerateWatchExampleForWatch_Extension.framework in Frameworks */ = {isa = PBXBuildFile; fileRef = AC850191AB0076C1722B5549 /* Pods_AccelerateWatchExampleForWatch_Extension.framework */; };
		EB1719F61EFD1CC90069B6D4 /* Interface.storyboard in Resources */ = {isa = PBXBuildFile; fileRef = EB1719F41EFD1CC90069B6D4 /* Interface.storyboard */; };
		EB1719F81EFD1CC90069B6D4 /* Assets.xcassets in Resources */ = {isa = PBXBuildFile; fileRef = EB1719F71EFD1CC90069B6D4 /* Assets.xcassets */; };
		EB1719FF1EFD1CC90069B6D4 /* AccelerateWatchExampleForWatch Extension.appex in Embed App Extensions */ = {isa = PBXBuildFile; fileRef = EB1719FE1EFD1CC90069B6D4 /* AccelerateWatchExampleForWatch Extension.appex */; settings = {ATTRIBUTES = (RemoveHeadersOnCopy, ); }; };
		EB171A061EFD1CC90069B6D4 /* InterfaceController.swift in Sources */ = {isa = PBXBuildFile; fileRef = EB171A051EFD1CC90069B6D4 /* InterfaceController.swift */; };
		EB171A081EFD1CC90069B6D4 /* ExtensionDelegate.swift in Sources */ = {isa = PBXBuildFile; fileRef = EB171A071EFD1CC90069B6D4 /* ExtensionDelegate.swift */; };
		EB171A0A1EFD1CC90069B6D4 /* NotificationController.swift in Sources */ = {isa = PBXBuildFile; fileRef = EB171A091EFD1CC90069B6D4 /* NotificationController.swift */; };
		EB171A0C1EFD1CC90069B6D4 /* Assets.xcassets in Resources */ = {isa = PBXBuildFile; fileRef = EB171A0B1EFD1CC90069B6D4 /* Assets.xcassets */; };
		EB171A101EFD1CC90069B6D4 /* AccelerateWatchExampleForWatch.app in Embed Watch Content */ = {isa = PBXBuildFile; fileRef = EB1719F21EFD1CC90069B6D4 /* AccelerateWatchExampleForWatch.app */; };
/* End PBXBuildFile section */

/* Begin PBXContainerItemProxy section */
		607FACE61AFB9204008FA782 /* PBXContainerItemProxy */ = {
			isa = PBXContainerItemProxy;
			containerPortal = 607FACC81AFB9204008FA782 /* Project object */;
			proxyType = 1;
			remoteGlobalIDString = 607FACCF1AFB9204008FA782;
			remoteInfo = AccelerateWatch;
		};
		EB171A001EFD1CC90069B6D4 /* PBXContainerItemProxy */ = {
			isa = PBXContainerItemProxy;
			containerPortal = 607FACC81AFB9204008FA782 /* Project object */;
			proxyType = 1;
			remoteGlobalIDString = EB1719FD1EFD1CC90069B6D4;
			remoteInfo = "AccelerateWatchExampleForWatch Extension";
		};
		EB171A0E1EFD1CC90069B6D4 /* PBXContainerItemProxy */ = {
			isa = PBXContainerItemProxy;
			containerPortal = 607FACC81AFB9204008FA782 /* Project object */;
			proxyType = 1;
			remoteGlobalIDString = EB1719F11EFD1CC90069B6D4;
			remoteInfo = AccelerateWatchExampleForWatch;
		};
/* End PBXContainerItemProxy section */

/* Begin PBXCopyFilesBuildPhase section */
		EB171A161EFD1CC90069B6D4 /* Embed App Extensions */ = {
			isa = PBXCopyFilesBuildPhase;
			buildActionMask = 2147483647;
			dstPath = "";
			dstSubfolderSpec = 13;
			files = (
				EB1719FF1EFD1CC90069B6D4 /* AccelerateWatchExampleForWatch Extension.appex in Embed App Extensions */,
			);
			name = "Embed App Extensions";
			runOnlyForDeploymentPostprocessing = 0;
		};
		EB171A181EFD1CC90069B6D4 /* Embed Watch Content */ = {
			isa = PBXCopyFilesBuildPhase;
			buildActionMask = 2147483647;
			dstPath = "$(CONTENTS_FOLDER_PATH)/Watch";
			dstSubfolderSpec = 16;
			files = (
				EB171A101EFD1CC90069B6D4 /* AccelerateWatchExampleForWatch.app in Embed Watch Content */,
			);
			name = "Embed Watch Content";
			runOnlyForDeploymentPostprocessing = 0;
		};
/* End PBXCopyFilesBuildPhase section */

/* Begin PBXFileReference section */
		04CA6B08073F63335270CBB4 /* Pods-AccelerateWatchExampleForWatch Extension.release.xcconfig */ = {isa = PBXFileReference; includeInIndex = 1; lastKnownFileType = text.xcconfig; name = "Pods-AccelerateWatchExampleForWatch Extension.release.xcconfig"; path = "Pods/Target Support Files/Pods-AccelerateWatchExampleForWatch Extension/Pods-AccelerateWatchExampleForWatch Extension.release.xcconfig"; sourceTree = "<group>"; };
		2996FF898EB5836C6940B2BF /* LICENSE */ = {isa = PBXFileReference; includeInIndex = 1; lastKnownFileType = text; name = LICENSE; path = ../LICENSE; sourceTree = "<group>"; };
		3026FF1B9E3D8829B2FDD237 /* AccelerateWatch.podspec */ = {isa = PBXFileReference; includeInIndex = 1; lastKnownFileType = text; name = AccelerateWatch.podspec; path = ../AccelerateWatch.podspec; sourceTree = "<group>"; };
		36AFF0E0F74E185CF79CAC2E /* Pods_AccelerateWatch_Example.framework */ = {isa = PBXFileReference; explicitFileType = wrapper.framework; includeInIndex = 0; path = Pods_AccelerateWatch_Example.framework; sourceTree = BUILT_PRODUCTS_DIR; };
		390E92EFB45397CCBDCD6159 /* Pods_AccelerateWatchExampleForWatch.framework */ = {isa = PBXFileReference; explicitFileType = wrapper.framework; includeInIndex = 0; path = Pods_AccelerateWatchExampleForWatch.framework; sourceTree = BUILT_PRODUCTS_DIR; };
		607FACD01AFB9204008FA782 /* AccelerateWatch_Example.app */ = {isa = PBXFileReference; explicitFileType = wrapper.application; includeInIndex = 0; path = AccelerateWatch_Example.app; sourceTree = BUILT_PRODUCTS_DIR; };
		607FACD41AFB9204008FA782 /* Info.plist */ = {isa = PBXFileReference; lastKnownFileType = text.plist.xml; path = Info.plist; sourceTree = "<group>"; };
		607FACD51AFB9204008FA782 /* AppDelegate.swift */ = {isa = PBXFileReference; lastKnownFileType = sourcecode.swift; path = AppDelegate.swift; sourceTree = "<group>"; };
		607FACD71AFB9204008FA782 /* ViewController.swift */ = {isa = PBXFileReference; lastKnownFileType = sourcecode.swift; path = ViewController.swift; sourceTree = "<group>"; };
		607FACDA1AFB9204008FA782 /* Base */ = {isa = PBXFileReference; lastKnownFileType = file.storyboard; name = Base; path = Base.lproj/Main.storyboard; sourceTree = "<group>"; };
		607FACDC1AFB9204008FA782 /* Images.xcassets */ = {isa = PBXFileReference; lastKnownFileType = folder.assetcatalog; path = Images.xcassets; sourceTree = "<group>"; };
		607FACDF1AFB9204008FA782 /* Base */ = {isa = PBXFileReference; lastKnownFileType = file.xib; name = Base; path = Base.lproj/LaunchScreen.xib; sourceTree = "<group>"; };
		607FACE51AFB9204008FA782 /* AccelerateWatch_Tests.xctest */ = {isa = PBXFileReference; explicitFileType = wrapper.cfbundle; includeInIndex = 0; path = AccelerateWatch_Tests.xctest; sourceTree = BUILT_PRODUCTS_DIR; };
		607FACEA1AFB9204008FA782 /* Info.plist */ = {isa = PBXFileReference; lastKnownFileType = text.plist.xml; path = Info.plist; sourceTree = "<group>"; };
		607FACEB1AFB9204008FA782 /* Tests.swift */ = {isa = PBXFileReference; lastKnownFileType = sourcecode.swift; path = Tests.swift; sourceTree = "<group>"; };
		823B52958C7D91AC89AFA1F0 /* README.md */ = {isa = PBXFileReference; includeInIndex = 1; lastKnownFileType = net.daringfireball.markdown; name = README.md; path = ../README.md; sourceTree = "<group>"; };
		AC850191AB0076C1722B5549 /* Pods_AccelerateWatchExampleForWatch_Extension.framework */ = {isa = PBXFileReference; explicitFileType = wrapper.framework; includeInIndex = 0; path = Pods_AccelerateWatchExampleForWatch_Extension.framework; sourceTree = BUILT_PRODUCTS_DIR; };
		B78E7D4D0B01CD07F8ED3AC5 /* Pods_AccelerateWatch_Tests.framework */ = {isa = PBXFileReference; explicitFileType = wrapper.framework; includeInIndex = 0; path = Pods_AccelerateWatch_Tests.framework; sourceTree = BUILT_PRODUCTS_DIR; };
		EB1719F21EFD1CC90069B6D4 /* AccelerateWatchExampleForWatch.app */ = {isa = PBXFileReference; explicitFileType = wrapper.application; includeInIndex = 0; path = AccelerateWatchExampleForWatch.app; sourceTree = BUILT_PRODUCTS_DIR; };
		EB1719F51EFD1CC90069B6D4 /* Base */ = {isa = PBXFileReference; lastKnownFileType = file.storyboard; name = Base; path = Base.lproj/Interface.storyboard; sourceTree = "<group>"; };
		EB1719F71EFD1CC90069B6D4 /* Assets.xcassets */ = {isa = PBXFileReference; lastKnownFileType = folder.assetcatalog; path = Assets.xcassets; sourceTree = "<group>"; };
		EB1719F91EFD1CC90069B6D4 /* Info.plist */ = {isa = PBXFileReference; lastKnownFileType = text.plist.xml; path = Info.plist; sourceTree = "<group>"; };
		EB1719FE1EFD1CC90069B6D4 /* AccelerateWatchExampleForWatch Extension.appex */ = {isa = PBXFileReference; explicitFileType = "wrapper.app-extension"; includeInIndex = 0; path = "AccelerateWatchExampleForWatch Extension.appex"; sourceTree = BUILT_PRODUCTS_DIR; };
		EB171A041EFD1CC90069B6D4 /* PushNotificationPayload.apns */ = {isa = PBXFileReference; lastKnownFileType = text; path = PushNotificationPayload.apns; sourceTree = "<group>"; };
		EB171A051EFD1CC90069B6D4 /* InterfaceController.swift */ = {isa = PBXFileReference; lastKnownFileType = sourcecode.swift; path = InterfaceController.swift; sourceTree = "<group>"; };
		EB171A071EFD1CC90069B6D4 /* ExtensionDelegate.swift */ = {isa = PBXFileReference; lastKnownFileType = sourcecode.swift; path = ExtensionDelegate.swift; sourceTree = "<group>"; };
		EB171A091EFD1CC90069B6D4 /* NotificationController.swift */ = {isa = PBXFileReference; lastKnownFileType = sourcecode.swift; path = NotificationController.swift; sourceTree = "<group>"; };
		EB171A0B1EFD1CC90069B6D4 /* Assets.xcassets */ = {isa = PBXFileReference; lastKnownFileType = folder.assetcatalog; path = Assets.xcassets; sourceTree = "<group>"; };
		EB171A0D1EFD1CC90069B6D4 /* Info.plist */ = {isa = PBXFileReference; lastKnownFileType = text.plist.xml; path = Info.plist; sourceTree = "<group>"; };
		F62521A93BDF5CA2CC0DB500 /* Pods-AccelerateWatchExampleForWatch Extension.debug.xcconfig */ = {isa = PBXFileReference; includeInIndex = 1; lastKnownFileType = text.xcconfig; name = "Pods-AccelerateWatchExampleForWatch Extension.debug.xcconfig"; path = "Pods/Target Support Files/Pods-AccelerateWatchExampleForWatch Extension/Pods-AccelerateWatchExampleForWatch Extension.debug.xcconfig"; sourceTree = "<group>"; };
/* End PBXFileReference section */

/* Begin PBXFrameworksBuildPhase section */
		607FACCD1AFB9204008FA782 /* Frameworks */ = {
			isa = PBXFrameworksBuildPhase;
			buildActionMask = 2147483647;
			files = (
			);
			runOnlyForDeploymentPostprocessing = 0;
		};
		607FACE21AFB9204008FA782 /* Frameworks */ = {
			isa = PBXFrameworksBuildPhase;
			buildActionMask = 2147483647;
			files = (
			);
			runOnlyForDeploymentPostprocessing = 0;
		};
		98E0631C0BAC805955CD5CB5 /* Frameworks */ = {
			isa = PBXFrameworksBuildPhase;
			buildActionMask = 2147483647;
			files = (
			);
			runOnlyForDeploymentPostprocessing = 0;
		};
		EB1719FB1EFD1CC90069B6D4 /* Frameworks */ = {
			isa = PBXFrameworksBuildPhase;
			buildActionMask = 2147483647;
			files = (
				DF951BDB707E17A460E27C16 /* Pods_AccelerateWatchExampleForWatch_Extension.framework in Frameworks */,
			);
			runOnlyForDeploymentPostprocessing = 0;
		};
/* End PBXFrameworksBuildPhase section */

/* Begin PBXGroup section */
		0F485C76D646828A8681A678 /* Frameworks */ = {
			isa = PBXGroup;
			children = (
				36AFF0E0F74E185CF79CAC2E /* Pods_AccelerateWatch_Example.framework */,
				B78E7D4D0B01CD07F8ED3AC5 /* Pods_AccelerateWatch_Tests.framework */,
				390E92EFB45397CCBDCD6159 /* Pods_AccelerateWatchExampleForWatch.framework */,
				AC850191AB0076C1722B5549 /* Pods_AccelerateWatchExampleForWatch_Extension.framework */,
			);
			name = Frameworks;
			sourceTree = "<group>";
		};
		607FACC71AFB9204008FA782 = {
			isa = PBXGroup;
			children = (
				607FACF51AFB993E008FA782 /* Podspec Metadata */,
				607FACD21AFB9204008FA782 /* Example for AccelerateWatch */,
				EB1719F31EFD1CC90069B6D4 /* AccelerateWatchExampleForWatch */,
				EB171A021EFD1CC90069B6D4 /* AccelerateWatchExampleForWatch Extension */,
				607FACE81AFB9204008FA782 /* Tests */,
				607FACD11AFB9204008FA782 /* Products */,
				BFB7BF6E5570E5EA9723FFE8 /* Pods */,
				0F485C76D646828A8681A678 /* Frameworks */,
			);
			sourceTree = "<group>";
		};
		607FACD11AFB9204008FA782 /* Products */ = {
			isa = PBXGroup;
			children = (
				607FACD01AFB9204008FA782 /* AccelerateWatch_Example.app */,
				607FACE51AFB9204008FA782 /* AccelerateWatch_Tests.xctest */,
				EB1719F21EFD1CC90069B6D4 /* AccelerateWatchExampleForWatch.app */,
				EB1719FE1EFD1CC90069B6D4 /* AccelerateWatchExampleForWatch Extension.appex */,
			);
			name = Products;
			sourceTree = "<group>";
		};
		607FACD21AFB9204008FA782 /* Example for AccelerateWatch */ = {
			isa = PBXGroup;
			children = (
				607FACD51AFB9204008FA782 /* AppDelegate.swift */,
				607FACD71AFB9204008FA782 /* ViewController.swift */,
				607FACD91AFB9204008FA782 /* Main.storyboard */,
				607FACDC1AFB9204008FA782 /* Images.xcassets */,
				607FACDE1AFB9204008FA782 /* LaunchScreen.xib */,
				607FACD31AFB9204008FA782 /* Supporting Files */,
			);
			name = "Example for AccelerateWatch";
			path = AccelerateWatch;
			sourceTree = "<group>";
		};
		607FACD31AFB9204008FA782 /* Supporting Files */ = {
			isa = PBXGroup;
			children = (
				607FACD41AFB9204008FA782 /* Info.plist */,
			);
			name = "Supporting Files";
			sourceTree = "<group>";
		};
		607FACE81AFB9204008FA782 /* Tests */ = {
			isa = PBXGroup;
			children = (
				607FACEB1AFB9204008FA782 /* Tests.swift */,
				607FACE91AFB9204008FA782 /* Supporting Files */,
			);
			path = Tests;
			sourceTree = "<group>";
		};
		607FACE91AFB9204008FA782 /* Supporting Files */ = {
			isa = PBXGroup;
			children = (
				607FACEA1AFB9204008FA782 /* Info.plist */,
			);
			name = "Supporting Files";
			sourceTree = "<group>";
		};
		607FACF51AFB993E008FA782 /* Podspec Metadata */ = {
			isa = PBXGroup;
			children = (
				3026FF1B9E3D8829B2FDD237 /* AccelerateWatch.podspec */,
				823B52958C7D91AC89AFA1F0 /* README.md */,
				2996FF898EB5836C6940B2BF /* LICENSE */,
			);
			name = "Podspec Metadata";
			sourceTree = "<group>";
		};
		BFB7BF6E5570E5EA9723FFE8 /* Pods */ = {
			isa = PBXGroup;
			children = (
				F62521A93BDF5CA2CC0DB500 /* Pods-AccelerateWatchExampleForWatch Extension.debug.xcconfig */,
				04CA6B08073F63335270CBB4 /* Pods-AccelerateWatchExampleForWatch Extension.release.xcconfig */,
			);
			name = Pods;
			sourceTree = "<group>";
		};
		EB1719F31EFD1CC90069B6D4 /* AccelerateWatchExampleForWatch */ = {
			isa = PBXGroup;
			children = (
				EB1719F41EFD1CC90069B6D4 /* Interface.storyboard */,
				EB1719F71EFD1CC90069B6D4 /* Assets.xcassets */,
				EB1719F91EFD1CC90069B6D4 /* Info.plist */,
			);
			path = AccelerateWatchExampleForWatch;
			sourceTree = "<group>";
		};
		EB171A021EFD1CC90069B6D4 /* AccelerateWatchExampleForWatch Extension */ = {
			isa = PBXGroup;
			children = (
				EB171A051EFD1CC90069B6D4 /* InterfaceController.swift */,
				EB171A071EFD1CC90069B6D4 /* ExtensionDelegate.swift */,
				EB171A091EFD1CC90069B6D4 /* NotificationController.swift */,
				EB171A0B1EFD1CC90069B6D4 /* Assets.xcassets */,
				EB171A0D1EFD1CC90069B6D4 /* Info.plist */,
				EB171A031EFD1CC90069B6D4 /* Supporting Files */,
			);
			path = "AccelerateWatchExampleForWatch Extension";
			sourceTree = "<group>";
		};
		EB171A031EFD1CC90069B6D4 /* Supporting Files */ = {
			isa = PBXGroup;
			children = (
				EB171A041EFD1CC90069B6D4 /* PushNotificationPayload.apns */,
			);
			name = "Supporting Files";
			sourceTree = "<group>";
		};
/* End PBXGroup section */

/* Begin PBXNativeTarget section */
		607FACCF1AFB9204008FA782 /* AccelerateWatch_Example */ = {
			isa = PBXNativeTarget;
			buildConfigurationList = 607FACEF1AFB9204008FA782 /* Build configuration list for PBXNativeTarget "AccelerateWatch_Example" */;
			buildPhases = (
				607FACCC1AFB9204008FA782 /* Sources */,
				607FACCD1AFB9204008FA782 /* Frameworks */,
				607FACCE1AFB9204008FA782 /* Resources */,
				EB171A181EFD1CC90069B6D4 /* Embed Watch Content */,
			);
			buildRules = (
			);
			dependencies = (
				EB171A0F1EFD1CC90069B6D4 /* PBXTargetDependency */,
			);
			name = AccelerateWatch_Example;
			productName = AccelerateWatch;
			productReference = 607FACD01AFB9204008FA782 /* AccelerateWatch_Example.app */;
			productType = "com.apple.product-type.application";
		};
		607FACE41AFB9204008FA782 /* AccelerateWatch_Tests */ = {
			isa = PBXNativeTarget;
			buildConfigurationList = 607FACF21AFB9204008FA782 /* Build configuration list for PBXNativeTarget "AccelerateWatch_Tests" */;
			buildPhases = (
				607FACE11AFB9204008FA782 /* Sources */,
				607FACE21AFB9204008FA782 /* Frameworks */,
				607FACE31AFB9204008FA782 /* Resources */,
			);
			buildRules = (
			);
			dependencies = (
				607FACE71AFB9204008FA782 /* PBXTargetDependency */,
			);
			name = AccelerateWatch_Tests;
			productName = Tests;
			productReference = 607FACE51AFB9204008FA782 /* AccelerateWatch_Tests.xctest */;
			productType = "com.apple.product-type.bundle.unit-test";
		};
		EB1719F11EFD1CC90069B6D4 /* AccelerateWatchExampleForWatch */ = {
			isa = PBXNativeTarget;
			buildConfigurationList = EB171A171EFD1CC90069B6D4 /* Build configuration list for PBXNativeTarget "AccelerateWatchExampleForWatch" */;
			buildPhases = (
				EB1719F01EFD1CC90069B6D4 /* Resources */,
				EB171A161EFD1CC90069B6D4 /* Embed App Extensions */,
				98E0631C0BAC805955CD5CB5 /* Frameworks */,
			);
			buildRules = (
			);
			dependencies = (
				EB171A011EFD1CC90069B6D4 /* PBXTargetDependency */,
			);
			name = AccelerateWatchExampleForWatch;
			productName = AccelerateWatchExampleForWatch;
			productReference = EB1719F21EFD1CC90069B6D4 /* AccelerateWatchExampleForWatch.app */;
			productType = "com.apple.product-type.application.watchapp2";
		};
		EB1719FD1EFD1CC90069B6D4 /* AccelerateWatchExampleForWatch Extension */ = {
			isa = PBXNativeTarget;
			buildConfigurationList = EB171A151EFD1CC90069B6D4 /* Build configuration list for PBXNativeTarget "AccelerateWatchExampleForWatch Extension" */;
			buildPhases = (
				1653EF0C033F8AD24203DD0E /* [CP] Check Pods Manifest.lock */,
				EB1719FA1EFD1CC90069B6D4 /* Sources */,
				EB1719FB1EFD1CC90069B6D4 /* Frameworks */,
				EB1719FC1EFD1CC90069B6D4 /* Resources */,
				CEA4A9142E80FE3CBB9642E9 /* [CP] Embed Pods Frameworks */,
				8EC0643ECA548EA6B7B628B8 /* [CP] Copy Pods Resources */,
			);
			buildRules = (
			);
			dependencies = (
			);
			name = "AccelerateWatchExampleForWatch Extension";
			productName = "AccelerateWatchExampleForWatch Extension";
			productReference = EB1719FE1EFD1CC90069B6D4 /* AccelerateWatchExampleForWatch Extension.appex */;
			productType = "com.apple.product-type.watchkit2-extension";
		};
/* End PBXNativeTarget section */

/* Begin PBXProject section */
		607FACC81AFB9204008FA782 /* Project object */ = {
			isa = PBXProject;
			attributes = {
				LastSwiftUpdateCheck = 0830;
				LastUpgradeCheck = 0820;
				ORGANIZATIONNAME = CocoaPods;
				TargetAttributes = {
					607FACCF1AFB9204008FA782 = {
						CreatedOnToolsVersion = 6.3.1;
						DevelopmentTeam = 6VM93P947X;
						LastSwiftMigration = 0820;
					};
					607FACE41AFB9204008FA782 = {
						CreatedOnToolsVersion = 6.3.1;
						LastSwiftMigration = 0820;
						TestTargetID = 607FACCF1AFB9204008FA782;
					};
					EB1719F11EFD1CC90069B6D4 = {
						CreatedOnToolsVersion = 8.3.3;
						DevelopmentTeam = 6VM93P947X;
						ProvisioningStyle = Automatic;
					};
					EB1719FD1EFD1CC90069B6D4 = {
						CreatedOnToolsVersion = 8.3.3;
						DevelopmentTeam = 6VM93P947X;
						ProvisioningStyle = Automatic;
					};
				};
			};
			buildConfigurationList = 607FACCB1AFB9204008FA782 /* Build configuration list for PBXProject "AccelerateWatch" */;
			compatibilityVersion = "Xcode 3.2";
			developmentRegion = English;
			hasScannedForEncodings = 0;
			knownRegions = (
				en,
				Base,
			);
			mainGroup = 607FACC71AFB9204008FA782;
			productRefGroup = 607FACD11AFB9204008FA782 /* Products */;
			projectDirPath = "";
			projectRoot = "";
			targets = (
				607FACCF1AFB9204008FA782 /* AccelerateWatch_Example */,
				607FACE41AFB9204008FA782 /* AccelerateWatch_Tests */,
				EB1719F11EFD1CC90069B6D4 /* AccelerateWatchExampleForWatch */,
				EB1719FD1EFD1CC90069B6D4 /* AccelerateWatchExampleForWatch Extension */,
			);
		};
/* End PBXProject section */

/* Begin PBXResourcesBuildPhase section */
		607FACCE1AFB9204008FA782 /* Resources */ = {
			isa = PBXResourcesBuildPhase;
			buildActionMask = 2147483647;
			files = (
				607FACDB1AFB9204008FA782 /* Main.storyboard in Resources */,
				607FACE01AFB9204008FA782 /* LaunchScreen.xib in Resources */,
				607FACDD1AFB9204008FA782 /* Images.xcassets in Resources */,
			);
			runOnlyForDeploymentPostprocessing = 0;
		};
		607FACE31AFB9204008FA782 /* Resources */ = {
			isa = PBXResourcesBuildPhase;
			buildActionMask = 2147483647;
			files = (
			);
			runOnlyForDeploymentPostprocessing = 0;
		};
		EB1719F01EFD1CC90069B6D4 /* Resources */ = {
			isa = PBXResourcesBuildPhase;
			buildActionMask = 2147483647;
			files = (
				EB1719F81EFD1CC90069B6D4 /* Assets.xcassets in Resources */,
				EB1719F61EFD1CC90069B6D4 /* Interface.storyboard in Resources */,
			);
			runOnlyForDeploymentPostprocessing = 0;
		};
		EB1719FC1EFD1CC90069B6D4 /* Resources */ = {
			isa = PBXResourcesBuildPhase;
			buildActionMask = 2147483647;
			files = (
				EB171A0C1EFD1CC90069B6D4 /* Assets.xcassets in Resources */,
			);
			runOnlyForDeploymentPostprocessing = 0;
		};
/* End PBXResourcesBuildPhase section */

/* Begin PBXShellScriptBuildPhase section */
		1653EF0C033F8AD24203DD0E /* [CP] Check Pods Manifest.lock */ = {
			isa = PBXShellScriptBuildPhase;
			buildActionMask = 2147483647;
			files = (
			);
			inputPaths = (
			);
			name = "[CP] Check Pods Manifest.lock";
			outputPaths = (
			);
			runOnlyForDeploymentPostprocessing = 0;
			shellPath = /bin/sh;
			shellScript = "diff \"${PODS_PODFILE_DIR_PATH}/Podfile.lock\" \"${PODS_ROOT}/Manifest.lock\" > /dev/null\nif [ $? != 0 ] ; then\n    # print error to STDERR\n    echo \"error: The sandbox is not in sync with the Podfile.lock. Run 'pod install' or update your CocoaPods installation.\" >&2\n    exit 1\nfi\n";
			showEnvVarsInLog = 0;
		};
		8EC0643ECA548EA6B7B628B8 /* [CP] Copy Pods Resources */ = {
			isa = PBXShellScriptBuildPhase;
			buildActionMask = 2147483647;
			files = (
			);
			inputPaths = (
			);
			name = "[CP] Copy Pods Resources";
			outputPaths = (
			);
			runOnlyForDeploymentPostprocessing = 0;
			shellPath = /bin/sh;
			shellScript = "\"${SRCROOT}/Pods/Target Support Files/Pods-AccelerateWatchExampleForWatch Extension/Pods-AccelerateWatchExampleForWatch Extension-resources.sh\"\n";
			showEnvVarsInLog = 0;
		};
		CEA4A9142E80FE3CBB9642E9 /* [CP] Embed Pods Frameworks */ = {
			isa = PBXShellScriptBuildPhase;
			buildActionMask = 2147483647;
			files = (
			);
			inputPaths = (
			);
			name = "[CP] Embed Pods Frameworks";
			outputPaths = (
			);
			runOnlyForDeploymentPostprocessing = 0;
			shellPath = /bin/sh;
			shellScript = "\"${SRCROOT}/Pods/Target Support Files/Pods-AccelerateWatchExampleForWatch Extension/Pods-AccelerateWatchExampleForWatch Extension-frameworks.sh\"\n";
			showEnvVarsInLog = 0;
		};
/* End PBXShellScriptBuildPhase section */

/* Begin PBXSourcesBuildPhase section */
		607FACCC1AFB9204008FA782 /* Sources */ = {
			isa = PBXSourcesBuildPhase;
			buildActionMask = 2147483647;
			files = (
				607FACD81AFB9204008FA782 /* ViewController.swift in Sources */,
				607FACD61AFB9204008FA782 /* AppDelegate.swift in Sources */,
			);
			runOnlyForDeploymentPostprocessing = 0;
		};
		607FACE11AFB9204008FA782 /* Sources */ = {
			isa = PBXSourcesBuildPhase;
			buildActionMask = 2147483647;
			files = (
				607FACEC1AFB9204008FA782 /* Tests.swift in Sources */,
			);
			runOnlyForDeploymentPostprocessing = 0;
		};
		EB1719FA1EFD1CC90069B6D4 /* Sources */ = {
			isa = PBXSourcesBuildPhase;
			buildActionMask = 2147483647;
			files = (
				EB171A0A1EFD1CC90069B6D4 /* NotificationController.swift in Sources */,
				EB171A081EFD1CC90069B6D4 /* ExtensionDelegate.swift in Sources */,
				EB171A061EFD1CC90069B6D4 /* InterfaceController.swift in Sources */,
			);
			runOnlyForDeploymentPostprocessing = 0;
		};
/* End PBXSourcesBuildPhase section */

/* Begin PBXTargetDependency section */
		607FACE71AFB9204008FA782 /* PBXTargetDependency */ = {
			isa = PBXTargetDependency;
			target = 607FACCF1AFB9204008FA782 /* AccelerateWatch_Example */;
			targetProxy = 607FACE61AFB9204008FA782 /* PBXContainerItemProxy */;
		};
		EB171A011EFD1CC90069B6D4 /* PBXTargetDependency */ = {
			isa = PBXTargetDependency;
			target = EB1719FD1EFD1CC90069B6D4 /* AccelerateWatchExampleForWatch Extension */;
			targetProxy = EB171A001EFD1CC90069B6D4 /* PBXContainerItemProxy */;
		};
		EB171A0F1EFD1CC90069B6D4 /* PBXTargetDependency */ = {
			isa = PBXTargetDependency;
			target = EB1719F11EFD1CC90069B6D4 /* AccelerateWatchExampleForWatch */;
			targetProxy = EB171A0E1EFD1CC90069B6D4 /* PBXContainerItemProxy */;
		};
/* End PBXTargetDependency section */

/* Begin PBXVariantGroup section */
		607FACD91AFB9204008FA782 /* Main.storyboard */ = {
			isa = PBXVariantGroup;
			children = (
				607FACDA1AFB9204008FA782 /* Base */,
			);
			name = Main.storyboard;
			sourceTree = "<group>";
		};
		607FACDE1AFB9204008FA782 /* LaunchScreen.xib */ = {
			isa = PBXVariantGroup;
			children = (
				607FACDF1AFB9204008FA782 /* Base */,
			);
			name = LaunchScreen.xib;
			sourceTree = "<group>";
		};
		EB1719F41EFD1CC90069B6D4 /* Interface.storyboard */ = {
			isa = PBXVariantGroup;
			children = (
				EB1719F51EFD1CC90069B6D4 /* Base */,
			);
			name = Interface.storyboard;
			sourceTree = "<group>";
		};
/* End PBXVariantGroup section */

/* Begin XCBuildConfiguration section */
		607FACED1AFB9204008FA782 /* Debug */ = {
			isa = XCBuildConfiguration;
			buildSettings = {
				ALWAYS_SEARCH_USER_PATHS = NO;
				CLANG_CXX_LANGUAGE_STANDARD = "gnu++0x";
				CLANG_CXX_LIBRARY = "libc++";
				CLANG_ENABLE_MODULES = YES;
				CLANG_ENABLE_OBJC_ARC = YES;
				CLANG_WARN_BOOL_CONVERSION = YES;
				CLANG_WARN_CONSTANT_CONVERSION = YES;
				CLANG_WARN_DIRECT_OBJC_ISA_USAGE = YES_ERROR;
				CLANG_WARN_EMPTY_BODY = YES;
				CLANG_WARN_ENUM_CONVERSION = YES;
				CLANG_WARN_INFINITE_RECURSION = YES;
				CLANG_WARN_INT_CONVERSION = YES;
				CLANG_WARN_OBJC_ROOT_CLASS = YES_ERROR;
				CLANG_WARN_SUSPICIOUS_MOVE = YES;
				CLANG_WARN_UNREACHABLE_CODE = YES;
				CLANG_WARN__DUPLICATE_METHOD_MATCH = YES;
				"CODE_SIGN_IDENTITY[sdk=iphoneos*]" = "iPhone Developer";
				COPY_PHASE_STRIP = NO;
				DEBUG_INFORMATION_FORMAT = "dwarf-with-dsym";
				ENABLE_STRICT_OBJC_MSGSEND = YES;
				ENABLE_TESTABILITY = YES;
				GCC_C_LANGUAGE_STANDARD = gnu99;
				GCC_DYNAMIC_NO_PIC = NO;
				GCC_NO_COMMON_BLOCKS = YES;
				GCC_OPTIMIZATION_LEVEL = 0;
				GCC_PREPROCESSOR_DEFINITIONS = (
					"DEBUG=1",
					"$(inherited)",
				);
				GCC_SYMBOLS_PRIVATE_EXTERN = NO;
				GCC_WARN_64_TO_32_BIT_CONVERSION = YES;
				GCC_WARN_ABOUT_RETURN_TYPE = YES_ERROR;
				GCC_WARN_UNDECLARED_SELECTOR = YES;
				GCC_WARN_UNINITIALIZED_AUTOS = YES_AGGRESSIVE;
				GCC_WARN_UNUSED_FUNCTION = YES;
				GCC_WARN_UNUSED_VARIABLE = YES;
				IPHONEOS_DEPLOYMENT_TARGET = 8.3;
				MTL_ENABLE_DEBUG_INFO = YES;
				ONLY_ACTIVE_ARCH = YES;
				SDKROOT = iphoneos;
				SWIFT_OPTIMIZATION_LEVEL = "-Onone";
			};
			name = Debug;
		};
		607FACEE1AFB9204008FA782 /* Release */ = {
			isa = XCBuildConfiguration;
			buildSettings = {
				ALWAYS_SEARCH_USER_PATHS = NO;
				CLANG_CXX_LANGUAGE_STANDARD = "gnu++0x";
				CLANG_CXX_LIBRARY = "libc++";
				CLANG_ENABLE_MODULES = YES;
				CLANG_ENABLE_OBJC_ARC = YES;
				CLANG_WARN_BOOL_CONVERSION = YES;
				CLANG_WARN_CONSTANT_CONVERSION = YES;
				CLANG_WARN_DIRECT_OBJC_ISA_USAGE = YES_ERROR;
				CLANG_WARN_EMPTY_BODY = YES;
				CLANG_WARN_ENUM_CONVERSION = YES;
				CLANG_WARN_INFINITE_RECURSION = YES;
				CLANG_WARN_INT_CONVERSION = YES;
				CLANG_WARN_OBJC_ROOT_CLASS = YES_ERROR;
				CLANG_WARN_SUSPICIOUS_MOVE = YES;
				CLANG_WARN_UNREACHABLE_CODE = YES;
				CLANG_WARN__DUPLICATE_METHOD_MATCH = YES;
				"CODE_SIGN_IDENTITY[sdk=iphoneos*]" = "iPhone Developer";
				COPY_PHASE_STRIP = NO;
				DEBUG_INFORMATION_FORMAT = "dwarf-with-dsym";
				ENABLE_NS_ASSERTIONS = NO;
				ENABLE_STRICT_OBJC_MSGSEND = YES;
				GCC_C_LANGUAGE_STANDARD = gnu99;
				GCC_NO_COMMON_BLOCKS = YES;
				GCC_WARN_64_TO_32_BIT_CONVERSION = YES;
				GCC_WARN_ABOUT_RETURN_TYPE = YES_ERROR;
				GCC_WARN_UNDECLARED_SELECTOR = YES;
				GCC_WARN_UNINITIALIZED_AUTOS = YES_AGGRESSIVE;
				GCC_WARN_UNUSED_FUNCTION = YES;
				GCC_WARN_UNUSED_VARIABLE = YES;
				IPHONEOS_DEPLOYMENT_TARGET = 8.3;
				MTL_ENABLE_DEBUG_INFO = NO;
				SDKROOT = iphoneos;
				SWIFT_OPTIMIZATION_LEVEL = "-Owholemodule";
				VALIDATE_PRODUCT = YES;
			};
			name = Release;
		};
		607FACF01AFB9204008FA782 /* Debug */ = {
			isa = XCBuildConfiguration;
			buildSettings = {
				ASSETCATALOG_COMPILER_APPICON_NAME = AppIcon;
				DEVELOPMENT_TEAM = 6VM93P947X;
				INFOPLIST_FILE = AccelerateWatch/Info.plist;
				IPHONEOS_DEPLOYMENT_TARGET = 9.0;
				LD_RUNPATH_SEARCH_PATHS = "$(inherited) @executable_path/Frameworks";
				MODULE_NAME = ExampleApp;
				PRODUCT_BUNDLE_IDENTIFIER = "org.cocoapods.demo.$(PRODUCT_NAME:rfc1034identifier)";
				PRODUCT_NAME = "$(TARGET_NAME)";
				SWIFT_VERSION = 3.0;
				TARGETED_DEVICE_FAMILY = "1,2";
			};
			name = Debug;
		};
		607FACF11AFB9204008FA782 /* Release */ = {
			isa = XCBuildConfiguration;
			buildSettings = {
				ASSETCATALOG_COMPILER_APPICON_NAME = AppIcon;
				DEVELOPMENT_TEAM = 6VM93P947X;
				INFOPLIST_FILE = AccelerateWatch/Info.plist;
				IPHONEOS_DEPLOYMENT_TARGET = 9.0;
				LD_RUNPATH_SEARCH_PATHS = "$(inherited) @executable_path/Frameworks";
				MODULE_NAME = ExampleApp;
				PRODUCT_BUNDLE_IDENTIFIER = "org.cocoapods.demo.$(PRODUCT_NAME:rfc1034identifier)";
				PRODUCT_NAME = "$(TARGET_NAME)";
				SWIFT_VERSION = 3.0;
				TARGETED_DEVICE_FAMILY = "1,2";
			};
			name = Release;
		};
		607FACF31AFB9204008FA782 /* Debug */ = {
			isa = XCBuildConfiguration;
			buildSettings = {
				FRAMEWORK_SEARCH_PATHS = (
					"$(SDKROOT)/Developer/Library/Frameworks",
					"$(inherited)",
				);
				GCC_PREPROCESSOR_DEFINITIONS = (
					"DEBUG=1",
					"$(inherited)",
				);
				INFOPLIST_FILE = Tests/Info.plist;
				LD_RUNPATH_SEARCH_PATHS = "$(inherited) @executable_path/Frameworks @loader_path/Frameworks";
				PRODUCT_BUNDLE_IDENTIFIER = "org.cocoapods.$(PRODUCT_NAME:rfc1034identifier)";
				PRODUCT_NAME = "$(TARGET_NAME)";
				SWIFT_VERSION = 3.0;
			};
			name = Debug;
		};
		607FACF41AFB9204008FA782 /* Release */ = {
			isa = XCBuildConfiguration;
			buildSettings = {
				FRAMEWORK_SEARCH_PATHS = (
					"$(SDKROOT)/Developer/Library/Frameworks",
					"$(inherited)",
				);
				INFOPLIST_FILE = Tests/Info.plist;
				LD_RUNPATH_SEARCH_PATHS = "$(inherited) @executable_path/Frameworks @loader_path/Frameworks";
				PRODUCT_BUNDLE_IDENTIFIER = "org.cocoapods.$(PRODUCT_NAME:rfc1034identifier)";
				PRODUCT_NAME = "$(TARGET_NAME)";
				SWIFT_VERSION = 3.0;
			};
			name = Release;
		};
		EB171A111EFD1CC90069B6D4 /* Debug */ = {
			isa = XCBuildConfiguration;
			buildSettings = {
				ALWAYS_EMBED_SWIFT_STANDARD_LIBRARIES = YES;
				ASSETCATALOG_COMPILER_APPICON_NAME = AppIcon;
				CLANG_ANALYZER_NONNULL = YES;
				CLANG_ANALYZER_NUMBER_OBJECT_CONVERSION = YES_AGGRESSIVE;
				CLANG_WARN_DOCUMENTATION_COMMENTS = YES;
				DEBUG_INFORMATION_FORMAT = dwarf;
				DEVELOPMENT_TEAM = 6VM93P947X;
				IBSC_MODULE = AccelerateWatchExampleForWatch_Extension;
				INFOPLIST_FILE = AccelerateWatchExampleForWatch/Info.plist;
				PRODUCT_BUNDLE_IDENTIFIER = "org.cocoapods.demo.AccelerateWatch-Example.watchkitapp";
				PRODUCT_NAME = "$(TARGET_NAME)";
				SDKROOT = watchos;
				SKIP_INSTALL = YES;
				SWIFT_ACTIVE_COMPILATION_CONDITIONS = DEBUG;
				SWIFT_VERSION = 3.0;
				TARGETED_DEVICE_FAMILY = 4;
				WATCHOS_DEPLOYMENT_TARGET = 3.2;
			};
			name = Debug;
		};
		EB171A121EFD1CC90069B6D4 /* Release */ = {
			isa = XCBuildConfiguration;
			buildSettings = {
				ALWAYS_EMBED_SWIFT_STANDARD_LIBRARIES = YES;
				ASSETCATALOG_COMPILER_APPICON_NAME = AppIcon;
				CLANG_ANALYZER_NONNULL = YES;
				CLANG_ANALYZER_NUMBER_OBJECT_CONVERSION = YES_AGGRESSIVE;
				CLANG_WARN_DOCUMENTATION_COMMENTS = YES;
				DEVELOPMENT_TEAM = 6VM93P947X;
				IBSC_MODULE = AccelerateWatchExampleForWatch_Extension;
				INFOPLIST_FILE = AccelerateWatchExampleForWatch/Info.plist;
				PRODUCT_BUNDLE_IDENTIFIER = "org.cocoapods.demo.AccelerateWatch-Example.watchkitapp";
				PRODUCT_NAME = "$(TARGET_NAME)";
				SDKROOT = watchos;
				SKIP_INSTALL = YES;
				SWIFT_VERSION = 3.0;
				TARGETED_DEVICE_FAMILY = 4;
				WATCHOS_DEPLOYMENT_TARGET = 3.2;
			};
			name = Release;
		};
		EB171A131EFD1CC90069B6D4 /* Debug */ = {
			isa = XCBuildConfiguration;
			baseConfigurationReference = F62521A93BDF5CA2CC0DB500 /* Pods-AccelerateWatchExampleForWatch Extension.debug.xcconfig */;
			buildSettings = {
				ASSETCATALOG_COMPILER_COMPLICATION_NAME = Complication;
				CLANG_ANALYZER_NONNULL = YES;
				CLANG_ANALYZER_NUMBER_OBJECT_CONVERSION = YES_AGGRESSIVE;
				CLANG_WARN_DOCUMENTATION_COMMENTS = YES;
				DEBUG_INFORMATION_FORMAT = dwarf;
				DEVELOPMENT_TEAM = 6VM93P947X;
				INFOPLIST_FILE = "AccelerateWatchExampleForWatch Extension/Info.plist";
				LD_RUNPATH_SEARCH_PATHS = "$(inherited) @executable_path/Frameworks @executable_path/../../Frameworks";
				PRODUCT_BUNDLE_IDENTIFIER = "org.cocoapods.demo.AccelerateWatch-Example.watchkitapp.watchkitextension";
				PRODUCT_NAME = "${TARGET_NAME}";
				SDKROOT = watchos;
				SKIP_INSTALL = YES;
				SWIFT_ACTIVE_COMPILATION_CONDITIONS = DEBUG;
				SWIFT_VERSION = 3.0;
				TARGETED_DEVICE_FAMILY = 4;
				WATCHOS_DEPLOYMENT_TARGET = 3.2;
			};
			name = Debug;
		};
		EB171A141EFD1CC90069B6D4 /* Release */ = {
			isa = XCBuildConfiguration;
			baseConfigurationReference = 04CA6B08073F63335270CBB4 /* Pods-AccelerateWatchExampleForWatch Extension.release.xcconfig */;
			buildSettings = {
				ASSETCATALOG_COMPILER_COMPLICATION_NAME = Complication;
				CLANG_ANALYZER_NONNULL = YES;
				CLANG_ANALYZER_NUMBER_OBJECT_CONVERSION = YES_AGGRESSIVE;
				CLANG_WARN_DOCUMENTATION_COMMENTS = YES;
				DEVELOPMENT_TEAM = 6VM93P947X;
				INFOPLIST_FILE = "AccelerateWatchExampleForWatch Extension/Info.plist";
				LD_RUNPATH_SEARCH_PATHS = "$(inherited) @executable_path/Frameworks @executable_path/../../Frameworks";
				PRODUCT_BUNDLE_IDENTIFIER = "org.cocoapods.demo.AccelerateWatch-Example.watchkitapp.watchkitextension";
				PRODUCT_NAME = "${TARGET_NAME}";
				SDKROOT = watchos;
				SKIP_INSTALL = YES;
				SWIFT_VERSION = 3.0;
				TARGETED_DEVICE_FAMILY = 4;
				WATCHOS_DEPLOYMENT_TARGET = 3.2;
			};
			name = Release;
		};
/* End XCBuildConfiguration section */

/* Begin XCConfigurationList section */
		607FACCB1AFB9204008FA782 /* Build configuration list for PBXProject "AccelerateWatch" */ = {
			isa = XCConfigurationList;
			buildConfigurations = (
				607FACED1AFB9204008FA782 /* Debug */,
				607FACEE1AFB9204008FA782 /* Release */,
			);
			defaultConfigurationIsVisible = 0;
			defaultConfigurationName = Release;
		};
		607FACEF1AFB9204008FA782 /* Build configuration list for PBXNativeTarget "AccelerateWatch_Example" */ = {
			isa = XCConfigurationList;
			buildConfigurations = (
				607FACF01AFB9204008FA782 /* Debug */,
				607FACF11AFB9204008FA782 /* Release */,
			);
			defaultConfigurationIsVisible = 0;
			defaultConfigurationName = Release;
		};
		607FACF21AFB9204008FA782 /* Build configuration list for PBXNativeTarget "AccelerateWatch_Tests" */ = {
			isa = XCConfigurationList;
			buildConfigurations = (
				607FACF31AFB9204008FA782 /* Debug */,
				607FACF41AFB9204008FA782 /* Release */,
			);
			defaultConfigurationIsVisible = 0;
			defaultConfigurationName = Release;
		};
		EB171A151EFD1CC90069B6D4 /* Build configuration list for PBXNativeTarget "AccelerateWatchExampleForWatch Extension" */ = {
			isa = XCConfigurationList;
			buildConfigurations = (
				EB171A131EFD1CC90069B6D4 /* Debug */,
				EB171A141EFD1CC90069B6D4 /* Release */,
			);
			defaultConfigurationIsVisible = 0;
			defaultConfigurationName = Release;
		};
		EB171A171EFD1CC90069B6D4 /* Build configuration list for PBXNativeTarget "AccelerateWatchExampleForWatch" */ = {
			isa = XCConfigurationList;
			buildConfigurations = (
				EB171A111EFD1CC90069B6D4 /* Debug */,
				EB171A121EFD1CC90069B6D4 /* Release */,
			);
			defaultConfigurationIsVisible = 0;
			defaultConfigurationName = Release;
		};
/* End XCConfigurationList section */
	};
	rootObject = 607FACC81AFB9204008FA782 /* Project object */;
}
